
Microsoft Visual Studio Solution File, Format Version 12.00
# Visual Studio Version 16
VisualStudioVersion = 16.0.29519.87
MinimumVisualStudioVersion = 10.0.40219.1
Project("{9A19103F-16F7-4668-BE54-9A1E7A4F7556}") = "Konwerter.Console", "Konwerter2\Konwerter.Console.csproj", "{9BF4A487-CA89-41B7-91AC-8FF213AC2C52}"
EndProject
Project("{FAE04EC0-301F-11D3-BF4B-00C04F79EFBC}") = "Konwerter.Logic", "Konwerter.Logic\Konwerter.Logic.csproj", "{866B7290-EB2A-468B-99D2-DCA5CD1B5C94}"
EndProject
Project("{FAE04EC0-301F-11D3-BF4B-00C04F79EFBC}") = "Konwerter.Desktop", "Konwerter.Desktop\Konwerter.Desktop.csproj", "{01592992-E7AE-4878-AF46-1245121D060A}"
EndProject
Global
	GlobalSection(SolutionConfigurationPlatforms) = preSolution
		Debug|Any CPU = Debug|Any CPU
		Release|Any CPU = Release|Any CPU
	EndGlobalSection
	GlobalSection(ProjectConfigurationPlatforms) = postSolution
		{9BF4A487-CA89-41B7-91AC-8FF213AC2C52}.Debug|Any CPU.ActiveCfg = Debug|Any CPU
		{9BF4A487-CA89-41B7-91AC-8FF213AC2C52}.Debug|Any CPU.Build.0 = Debug|Any CPU
		{9BF4A487-CA89-41B7-91AC-8FF213AC2C52}.Release|Any CPU.ActiveCfg = Release|Any CPU
		{9BF4A487-CA89-41B7-91AC-8FF213AC2C52}.Release|Any CPU.Build.0 = Release|Any CPU
		{866B7290-EB2A-468B-99D2-DCA5CD1B5C94}.Debug|Any CPU.ActiveCfg = Debug|Any CPU
		{866B7290-EB2A-468B-99D2-DCA5CD1B5C94}.Debug|Any CPU.Build.0 = Debug|Any CPU
		{866B7290-EB2A-468B-99D2-DCA5CD1B5C94}.Release|Any CPU.ActiveCfg = Release|Any CPU
		{866B7290-EB2A-468B-99D2-DCA5CD1B5C94}.Release|Any CPU.Build.0 = Release|Any CPU
		{01592992-E7AE-4878-AF46-1245121D060A}.Debug|Any CPU.ActiveCfg = Debug|Any CPU
		{01592992-E7AE-4878-AF46-1245121D060A}.Debug|Any CPU.Build.0 = Debug|Any CPU
		{01592992-E7AE-4878-AF46-1245121D060A}.Release|Any CPU.ActiveCfg = Release|Any CPU
		{01592992-E7AE-4878-AF46-1245121D060A}.Release|Any CPU.Build.0 = Release|Any CPU
	EndGlobalSection
	GlobalSection(SolutionProperties) = preSolution
		HideSolutionNode = FALSE
	EndGlobalSection
	GlobalSection(ExtensibilityGlobals) = postSolution
		SolutionGuid = {934FB012-2A8D-4115-BB11-01A16EAC43A3}
	EndGlobalSection
EndGlobal
