
Microsoft Visual Studio Solution File, Format Version 12.00
# Visual Studio Version 16
VisualStudioVersion = 16.0.29905.134
MinimumVisualStudioVersion = 10.0.40219.1
Project("{FAE04EC0-301F-11D3-BF4B-00C04F79EFBC}") = "AccountCreator2", "AccountCreator2\AccountCreator2.csproj", "{286F05A1-E7E0-49CA-8387-EBFD711E91B1}"
EndProject
Project("{FAE04EC0-301F-11D3-BF4B-00C04F79EFBC}") = "ConsoleApp1", "ConsoleApp1\ConsoleApp1.csproj", "{493B43F8-826E-4484-9B0F-023A8689BEF4}"
EndProject
Project("{FAE04EC0-301F-11D3-BF4B-00C04F79EFBC}") = "AccountCreator2.Desktop", "AccountCreator2.Desktop\AccountCreator2.Desktop.csproj", "{E8221349-3307-420F-81DE-B54C43C1B8FB}"
EndProject
Project("{FAE04EC0-301F-11D3-BF4B-00C04F79EFBC}") = "Common.Controls", "Common.Controls\Common.Controls.csproj", "{9240F9C7-CFAD-4FAC-983C-F38CFAB9BCA8}"
EndProject
Global
	GlobalSection(SolutionConfigurationPlatforms) = preSolution
		Debug|Any CPU = Debug|Any CPU
		Release|Any CPU = Release|Any CPU
	EndGlobalSection
	GlobalSection(ProjectConfigurationPlatforms) = postSolution
		{286F05A1-E7E0-49CA-8387-EBFD711E91B1}.Debug|Any CPU.ActiveCfg = Debug|Any CPU
		{286F05A1-E7E0-49CA-8387-EBFD711E91B1}.Debug|Any CPU.Build.0 = Debug|Any CPU
		{286F05A1-E7E0-49CA-8387-EBFD711E91B1}.Release|Any CPU.ActiveCfg = Release|Any CPU
		{286F05A1-E7E0-49CA-8387-EBFD711E91B1}.Release|Any CPU.Build.0 = Release|Any CPU
		{493B43F8-826E-4484-9B0F-023A8689BEF4}.Debug|Any CPU.ActiveCfg = Debug|Any CPU
		{493B43F8-826E-4484-9B0F-023A8689BEF4}.Debug|Any CPU.Build.0 = Debug|Any CPU
		{493B43F8-826E-4484-9B0F-023A8689BEF4}.Release|Any CPU.ActiveCfg = Release|Any CPU
		{493B43F8-826E-4484-9B0F-023A8689BEF4}.Release|Any CPU.Build.0 = Release|Any CPU
		{E8221349-3307-420F-81DE-B54C43C1B8FB}.Debug|Any CPU.ActiveCfg = Debug|Any CPU
		{E8221349-3307-420F-81DE-B54C43C1B8FB}.Debug|Any CPU.Build.0 = Debug|Any CPU
		{E8221349-3307-420F-81DE-B54C43C1B8FB}.Release|Any CPU.ActiveCfg = Release|Any CPU
		{E8221349-3307-420F-81DE-B54C43C1B8FB}.Release|Any CPU.Build.0 = Release|Any CPU
		{9240F9C7-CFAD-4FAC-983C-F38CFAB9BCA8}.Debug|Any CPU.ActiveCfg = Debug|Any CPU
		{9240F9C7-CFAD-4FAC-983C-F38CFAB9BCA8}.Debug|Any CPU.Build.0 = Debug|Any CPU
		{9240F9C7-CFAD-4FAC-983C-F38CFAB9BCA8}.Release|Any CPU.ActiveCfg = Release|Any CPU
		{9240F9C7-CFAD-4FAC-983C-F38CFAB9BCA8}.Release|Any CPU.Build.0 = Release|Any CPU
	EndGlobalSection
	GlobalSection(SolutionProperties) = preSolution
		HideSolutionNode = FALSE
	EndGlobalSection
	GlobalSection(ExtensibilityGlobals) = postSolution
		SolutionGuid = {A6D6EEED-6A2F-410A-B8E6-C4FD1A03FC6C}
	EndGlobalSection
EndGlobal
