
Microsoft Visual Studio Solution File, Format Version 12.00
# Blend for Visual Studio 15
VisualStudioVersion = 15.0.28307.902
MinimumVisualStudioVersion = 10.0.40219.1
Project("{FAE04EC0-301F-11D3-BF4B-00C04F79EFBC}") = "Kalkulator", "Calc\Kalkulator.csproj", "{17CB3C6F-61BC-42EB-A7A6-ED5547EF9B57}"
EndProject
Project("{FAE04EC0-301F-11D3-BF4B-00C04F79EFBC}") = "Kalkulator.Logic", "Kalkulator.Logic\Kalkulator.Logic.csproj", "{3380C9FB-8620-40E9-B962-B80AD5AB9D3F}"
EndProject
Project("{FAE04EC0-301F-11D3-BF4B-00C04F79EFBC}") = "Kalkulator.Console", "Kalkulator.Console\Kalkulator.Console.csproj", "{647C99AE-6758-475F-8135-0C663A2F1B62}"
EndProject
Project("{FAE04EC0-301F-11D3-BF4B-00C04F79EFBC}") = "Common", "..\..\SZKOŁA STUDIA\Semestr 4\zaliczenie\ZAD 5 i 6\ZAD 4\Common\Common.csproj", "{D2DFF273-3A3D-4E14-8116-A6978ECCD13B}"
EndProject
Global
	GlobalSection(SolutionConfigurationPlatforms) = preSolution
		Debug|Any CPU = Debug|Any CPU
		Release|Any CPU = Release|Any CPU
	EndGlobalSection
	GlobalSection(ProjectConfigurationPlatforms) = postSolution
		{17CB3C6F-61BC-42EB-A7A6-ED5547EF9B57}.Debug|Any CPU.ActiveCfg = Debug|Any CPU
		{17CB3C6F-61BC-42EB-A7A6-ED5547EF9B57}.Debug|Any CPU.Build.0 = Debug|Any CPU
		{17CB3C6F-61BC-42EB-A7A6-ED5547EF9B57}.Release|Any CPU.ActiveCfg = Release|Any CPU
		{17CB3C6F-61BC-42EB-A7A6-ED5547EF9B57}.Release|Any CPU.Build.0 = Release|Any CPU
		{3380C9FB-8620-40E9-B962-B80AD5AB9D3F}.Debug|Any CPU.ActiveCfg = Debug|Any CPU
		{3380C9FB-8620-40E9-B962-B80AD5AB9D3F}.Debug|Any CPU.Build.0 = Debug|Any CPU
		{3380C9FB-8620-40E9-B962-B80AD5AB9D3F}.Release|Any CPU.ActiveCfg = Release|Any CPU
		{3380C9FB-8620-40E9-B962-B80AD5AB9D3F}.Release|Any CPU.Build.0 = Release|Any CPU
		{647C99AE-6758-475F-8135-0C663A2F1B62}.Debug|Any CPU.ActiveCfg = Debug|Any CPU
		{647C99AE-6758-475F-8135-0C663A2F1B62}.Debug|Any CPU.Build.0 = Debug|Any CPU
		{647C99AE-6758-475F-8135-0C663A2F1B62}.Release|Any CPU.ActiveCfg = Release|Any CPU
		{647C99AE-6758-475F-8135-0C663A2F1B62}.Release|Any CPU.Build.0 = Release|Any CPU
		{D2DFF273-3A3D-4E14-8116-A6978ECCD13B}.Debug|Any CPU.ActiveCfg = Debug|Any CPU
		{D2DFF273-3A3D-4E14-8116-A6978ECCD13B}.Debug|Any CPU.Build.0 = Debug|Any CPU
		{D2DFF273-3A3D-4E14-8116-A6978ECCD13B}.Release|Any CPU.ActiveCfg = Release|Any CPU
		{D2DFF273-3A3D-4E14-8116-A6978ECCD13B}.Release|Any CPU.Build.0 = Release|Any CPU
	EndGlobalSection
	GlobalSection(SolutionProperties) = preSolution
		HideSolutionNode = FALSE
	EndGlobalSection
	GlobalSection(ExtensibilityGlobals) = postSolution
		SolutionGuid = {63F5BD5D-C79E-4072-8B7C-1876FD314BE2}
	EndGlobalSection
EndGlobal
