
Microsoft Visual Studio Solution File, Format Version 12.00
# Visual Studio Version 16
VisualStudioVersion = 16.0.30002.166
MinimumVisualStudioVersion = 10.0.40219.1
Project("{FAE04EC0-301F-11D3-BF4B-00C04F79EFBC}") = "UnitConverter.Desktop", "..\UnitConverter.Desktop\UnitConverter.Desktop.csproj", "{76E60C09-24F8-411F-8A4E-90C468910225}"
EndProject
Project("{FAE04EC0-301F-11D3-BF4B-00C04F79EFBC}") = "UnitConverter.Logic", "..\UnitConverter.Logic\UnitConverter.Logic.csproj", "{906F100D-BB93-4B17-A746-50599EB74F48}"
EndProject
Global
	GlobalSection(SolutionConfigurationPlatforms) = preSolution
		Debug|Any CPU = Debug|Any CPU
		Release|Any CPU = Release|Any CPU
	EndGlobalSection
	GlobalSection(ProjectConfigurationPlatforms) = postSolution
		{76E60C09-24F8-411F-8A4E-90C468910225}.Debug|Any CPU.ActiveCfg = Debug|Any CPU
		{76E60C09-24F8-411F-8A4E-90C468910225}.Debug|Any CPU.Build.0 = Debug|Any CPU
		{76E60C09-24F8-411F-8A4E-90C468910225}.Release|Any CPU.ActiveCfg = Release|Any CPU
		{76E60C09-24F8-411F-8A4E-90C468910225}.Release|Any CPU.Build.0 = Release|Any CPU
		{906F100D-BB93-4B17-A746-50599EB74F48}.Debug|Any CPU.ActiveCfg = Debug|Any CPU
		{906F100D-BB93-4B17-A746-50599EB74F48}.Debug|Any CPU.Build.0 = Debug|Any CPU
		{906F100D-BB93-4B17-A746-50599EB74F48}.Release|Any CPU.ActiveCfg = Release|Any CPU
		{906F100D-BB93-4B17-A746-50599EB74F48}.Release|Any CPU.Build.0 = Release|Any CPU
	EndGlobalSection
	GlobalSection(SolutionProperties) = preSolution
		HideSolutionNode = FALSE
	EndGlobalSection
	GlobalSection(ExtensibilityGlobals) = postSolution
		SolutionGuid = {94F01146-7445-4C6D-B8E5-D4B4E8132EF0}
	EndGlobalSection
EndGlobal
