
Microsoft Visual Studio Solution File, Format Version 12.00
# Visual Studio Version 16
VisualStudioVersion = 16.0.29920.165
MinimumVisualStudioVersion = 10.0.40219.1
Project("{FAE04EC0-301F-11D3-BF4B-00C04F79EFBC}") = "KonwerterJednostekDesktop", "KonwerterJednostekDesktop.csproj", "{752777E5-44E6-4CEF-908E-69CCC97BF1C7}"
EndProject
Global
	GlobalSection(SolutionConfigurationPlatforms) = preSolution
		Debug|Any CPU = Debug|Any CPU
		Release|Any CPU = Release|Any CPU
	EndGlobalSection
	GlobalSection(ProjectConfigurationPlatforms) = postSolution
		{752777E5-44E6-4CEF-908E-69CCC97BF1C7}.Debug|Any CPU.ActiveCfg = Debug|Any CPU
		{752777E5-44E6-4CEF-908E-69CCC97BF1C7}.Debug|Any CPU.Build.0 = Debug|Any CPU
		{752777E5-44E6-4CEF-908E-69CCC97BF1C7}.Release|Any CPU.ActiveCfg = Release|Any CPU
		{752777E5-44E6-4CEF-908E-69CCC97BF1C7}.Release|Any CPU.Build.0 = Release|Any CPU
	EndGlobalSection
	GlobalSection(SolutionProperties) = preSolution
		HideSolutionNode = FALSE
	EndGlobalSection
	GlobalSection(ExtensibilityGlobals) = postSolution
		SolutionGuid = {C4D2C8C5-77D3-4522-9C50-8EEFE5B11A19}
	EndGlobalSection
EndGlobal
