
Microsoft Visual Studio Solution File, Format Version 12.00
# Visual Studio Version 16
VisualStudioVersion = 16.0.29326.143
MinimumVisualStudioVersion = 10.0.40219.1
Project("{FAE04EC0-301F-11D3-BF4B-00C04F79EFBC}") = "konwerter", "konwerter\konwerter.csproj", "{A31A1375-C71C-4455-A337-FC596EAEDDC4}"
EndProject
Global
	GlobalSection(SolutionConfigurationPlatforms) = preSolution
		Debug|Any CPU = Debug|Any CPU
		Release|Any CPU = Release|Any CPU
	EndGlobalSection
	GlobalSection(ProjectConfigurationPlatforms) = postSolution
		{A31A1375-C71C-4455-A337-FC596EAEDDC4}.Debug|Any CPU.ActiveCfg = Debug|Any CPU
		{A31A1375-C71C-4455-A337-FC596EAEDDC4}.Debug|Any CPU.Build.0 = Debug|Any CPU
		{A31A1375-C71C-4455-A337-FC596EAEDDC4}.Release|Any CPU.ActiveCfg = Release|Any CPU
		{A31A1375-C71C-4455-A337-FC596EAEDDC4}.Release|Any CPU.Build.0 = Release|Any CPU
	EndGlobalSection
	GlobalSection(SolutionProperties) = preSolution
		HideSolutionNode = FALSE
	EndGlobalSection
	GlobalSection(ExtensibilityGlobals) = postSolution
		SolutionGuid = {0CAF778A-8091-4605-8D5A-8CE49B95BE8C}
	EndGlobalSection
EndGlobal
