
Microsoft Visual Studio Solution File, Format Version 12.00
# Visual Studio Version 16
VisualStudioVersion = 16.0.29326.143
MinimumVisualStudioVersion = 10.0.40219.1
Project("{FAE04EC0-301F-11D3-BF4B-00C04F79EFBC}") = "Konwerter.Logic", "Konwerter.Logic\Konwerter.Logic.csproj", "{640ACC0C-77F2-4917-8AA8-4691594AE003}"
EndProject
Project("{FAE04EC0-301F-11D3-BF4B-00C04F79EFBC}") = "KonwerterConsole", "KonwerterConsole\KonwerterConsole.csproj", "{6190050B-0E33-4A4A-B3D3-6365F08F720E}"
EndProject
Project("{FAE04EC0-301F-11D3-BF4B-00C04F79EFBC}") = "Konwerter.Desktop", "Konwerter.Desktop\Konwerter.Desktop.csproj", "{4D92C120-0812-4F7F-9AEF-E054EB8D791F}"
EndProject
Global
	GlobalSection(SolutionConfigurationPlatforms) = preSolution
		Debug|Any CPU = Debug|Any CPU
		Release|Any CPU = Release|Any CPU
	EndGlobalSection
	GlobalSection(ProjectConfigurationPlatforms) = postSolution
		{640ACC0C-77F2-4917-8AA8-4691594AE003}.Debug|Any CPU.ActiveCfg = Debug|Any CPU
		{640ACC0C-77F2-4917-8AA8-4691594AE003}.Debug|Any CPU.Build.0 = Debug|Any CPU
		{640ACC0C-77F2-4917-8AA8-4691594AE003}.Release|Any CPU.ActiveCfg = Release|Any CPU
		{640ACC0C-77F2-4917-8AA8-4691594AE003}.Release|Any CPU.Build.0 = Release|Any CPU
		{6190050B-0E33-4A4A-B3D3-6365F08F720E}.Debug|Any CPU.ActiveCfg = Debug|Any CPU
		{6190050B-0E33-4A4A-B3D3-6365F08F720E}.Debug|Any CPU.Build.0 = Debug|Any CPU
		{6190050B-0E33-4A4A-B3D3-6365F08F720E}.Release|Any CPU.ActiveCfg = Release|Any CPU
		{6190050B-0E33-4A4A-B3D3-6365F08F720E}.Release|Any CPU.Build.0 = Release|Any CPU
		{4D92C120-0812-4F7F-9AEF-E054EB8D791F}.Debug|Any CPU.ActiveCfg = Debug|Any CPU
		{4D92C120-0812-4F7F-9AEF-E054EB8D791F}.Debug|Any CPU.Build.0 = Debug|Any CPU
		{4D92C120-0812-4F7F-9AEF-E054EB8D791F}.Release|Any CPU.ActiveCfg = Release|Any CPU
		{4D92C120-0812-4F7F-9AEF-E054EB8D791F}.Release|Any CPU.Build.0 = Release|Any CPU
	EndGlobalSection
	GlobalSection(SolutionProperties) = preSolution
		HideSolutionNode = FALSE
	EndGlobalSection
	GlobalSection(ExtensibilityGlobals) = postSolution
		SolutionGuid = {0CAF778A-8091-4605-8D5A-8CE49B95BE8C}
	EndGlobalSection
EndGlobal
