
Microsoft Visual Studio Solution File, Format Version 12.00
# Blend for Visual Studio Version 16
VisualStudioVersion = 16.0.29905.134
MinimumVisualStudioVersion = 10.0.40219.1
Project("{FAE04EC0-301F-11D3-BF4B-00C04F79EFBC}") = "Konwerter.Desctop", "Konwerter.Desctop.csproj", "{0675F106-08BB-49BD-BFC9-8FDC44A80035}"
EndProject
Global
	GlobalSection(SolutionConfigurationPlatforms) = preSolution
		Debug|Any CPU = Debug|Any CPU
		Release|Any CPU = Release|Any CPU
	EndGlobalSection
	GlobalSection(ProjectConfigurationPlatforms) = postSolution
		{0675F106-08BB-49BD-BFC9-8FDC44A80035}.Debug|Any CPU.ActiveCfg = Debug|Any CPU
		{0675F106-08BB-49BD-BFC9-8FDC44A80035}.Debug|Any CPU.Build.0 = Debug|Any CPU
		{0675F106-08BB-49BD-BFC9-8FDC44A80035}.Release|Any CPU.ActiveCfg = Release|Any CPU
		{0675F106-08BB-49BD-BFC9-8FDC44A80035}.Release|Any CPU.Build.0 = Release|Any CPU
	EndGlobalSection
	GlobalSection(SolutionProperties) = preSolution
		HideSolutionNode = FALSE
	EndGlobalSection
	GlobalSection(ExtensibilityGlobals) = postSolution
		SolutionGuid = {97F01935-9C2C-4BB8-8FCC-6AAF10F8F5D4}
	EndGlobalSection
EndGlobal
