
Microsoft Visual Studio Solution File, Format Version 12.00
# Visual Studio Version 16
VisualStudioVersion = 16.0.29920.165
MinimumVisualStudioVersion = 10.0.40219.1
Project("{FAE04EC0-301F-11D3-BF4B-00C04F79EFBC}") = "Konwerter_console", "Konwerter_console.csproj", "{AA50B9C2-2FBB-4DE1-BE4E-1AD41EDC7489}"
EndProject
Global
	GlobalSection(SolutionConfigurationPlatforms) = preSolution
		Debug|Any CPU = Debug|Any CPU
		Release|Any CPU = Release|Any CPU
	EndGlobalSection
	GlobalSection(ProjectConfigurationPlatforms) = postSolution
		{AA50B9C2-2FBB-4DE1-BE4E-1AD41EDC7489}.Debug|Any CPU.ActiveCfg = Debug|Any CPU
		{AA50B9C2-2FBB-4DE1-BE4E-1AD41EDC7489}.Debug|Any CPU.Build.0 = Debug|Any CPU
		{AA50B9C2-2FBB-4DE1-BE4E-1AD41EDC7489}.Release|Any CPU.ActiveCfg = Release|Any CPU
		{AA50B9C2-2FBB-4DE1-BE4E-1AD41EDC7489}.Release|Any CPU.Build.0 = Release|Any CPU
	EndGlobalSection
	GlobalSection(SolutionProperties) = preSolution
		HideSolutionNode = FALSE
	EndGlobalSection
	GlobalSection(ExtensibilityGlobals) = postSolution
		SolutionGuid = {99F8C803-4137-4E41-A1C4-256FC2F54BCE}
	EndGlobalSection
EndGlobal
