
Microsoft Visual Studio Solution File, Format Version 12.00
# Visual Studio Version 16
VisualStudioVersion = 16.0.29326.143
MinimumVisualStudioVersion = 10.0.40219.1
Project("{FAE04EC0-301F-11D3-BF4B-00C04F79EFBC}") = "BS401", "BS401\BS401.csproj", "{9B25D937-D726-4ADE-B226-928EFD04BD6B}"
EndProject
Global
	GlobalSection(SolutionConfigurationPlatforms) = preSolution
		Debug|Any CPU = Debug|Any CPU
		Release|Any CPU = Release|Any CPU
	EndGlobalSection
	GlobalSection(ProjectConfigurationPlatforms) = postSolution
		{9B25D937-D726-4ADE-B226-928EFD04BD6B}.Debug|Any CPU.ActiveCfg = Debug|Any CPU
		{9B25D937-D726-4ADE-B226-928EFD04BD6B}.Debug|Any CPU.Build.0 = Debug|Any CPU
		{9B25D937-D726-4ADE-B226-928EFD04BD6B}.Release|Any CPU.ActiveCfg = Release|Any CPU
		{9B25D937-D726-4ADE-B226-928EFD04BD6B}.Release|Any CPU.Build.0 = Release|Any CPU
	EndGlobalSection
	GlobalSection(SolutionProperties) = preSolution
		HideSolutionNode = FALSE
	EndGlobalSection
	GlobalSection(ExtensibilityGlobals) = postSolution
		SolutionGuid = {3B032E27-3B25-4B7B-96FA-3D39BDC90303}
	EndGlobalSection
EndGlobal
