
Microsoft Visual Studio Solution File, Format Version 12.00
# Visual Studio Version 16
VisualStudioVersion = 16.0.29609.76
MinimumVisualStudioVersion = 10.0.40219.1
Project("{FAE04EC0-301F-11D3-BF4B-00C04F79EFBC}") = "Konwerter_jednostek_Console", "Konwerter_jednostek\Konwerter_jednostek_Console.csproj", "{03D8CED0-AD47-4BFC-A4E1-6A04B5203CFD}"
EndProject
Project("{FAE04EC0-301F-11D3-BF4B-00C04F79EFBC}") = "Konwerter_jednostek_Logika", "Konwerter_jednostek_Logika\Konwerter_jednostek_Logika.csproj", "{B3A4A7F0-13D1-416C-ACE6-FE4A71B4495F}"
EndProject
Project("{FAE04EC0-301F-11D3-BF4B-00C04F79EFBC}") = "Konwerter_jednostek_Desktop", "Konwerter_jednostek_Desktop\Konwerter_jednostek_Desktop.csproj", "{7DF128D6-6017-47B0-9D6B-7671D175AB61}"
EndProject
Project("{FAE04EC0-301F-11D3-BF4B-00C04F79EFBC}") = "Common.Controls", "Common.Controls\Common.Controls.csproj", "{C779C4A5-E645-4E9C-9065-2BCD70ECC0AD}"
EndProject
Global
	GlobalSection(SolutionConfigurationPlatforms) = preSolution
		Debug|Any CPU = Debug|Any CPU
		Release|Any CPU = Release|Any CPU
	EndGlobalSection
	GlobalSection(ProjectConfigurationPlatforms) = postSolution
		{03D8CED0-AD47-4BFC-A4E1-6A04B5203CFD}.Debug|Any CPU.ActiveCfg = Debug|Any CPU
		{03D8CED0-AD47-4BFC-A4E1-6A04B5203CFD}.Debug|Any CPU.Build.0 = Debug|Any CPU
		{03D8CED0-AD47-4BFC-A4E1-6A04B5203CFD}.Release|Any CPU.ActiveCfg = Release|Any CPU
		{03D8CED0-AD47-4BFC-A4E1-6A04B5203CFD}.Release|Any CPU.Build.0 = Release|Any CPU
		{B3A4A7F0-13D1-416C-ACE6-FE4A71B4495F}.Debug|Any CPU.ActiveCfg = Debug|Any CPU
		{B3A4A7F0-13D1-416C-ACE6-FE4A71B4495F}.Debug|Any CPU.Build.0 = Debug|Any CPU
		{B3A4A7F0-13D1-416C-ACE6-FE4A71B4495F}.Release|Any CPU.ActiveCfg = Release|Any CPU
		{B3A4A7F0-13D1-416C-ACE6-FE4A71B4495F}.Release|Any CPU.Build.0 = Release|Any CPU
		{7DF128D6-6017-47B0-9D6B-7671D175AB61}.Debug|Any CPU.ActiveCfg = Debug|Any CPU
		{7DF128D6-6017-47B0-9D6B-7671D175AB61}.Debug|Any CPU.Build.0 = Debug|Any CPU
		{7DF128D6-6017-47B0-9D6B-7671D175AB61}.Release|Any CPU.ActiveCfg = Release|Any CPU
		{7DF128D6-6017-47B0-9D6B-7671D175AB61}.Release|Any CPU.Build.0 = Release|Any CPU
		{C779C4A5-E645-4E9C-9065-2BCD70ECC0AD}.Debug|Any CPU.ActiveCfg = Debug|Any CPU
		{C779C4A5-E645-4E9C-9065-2BCD70ECC0AD}.Debug|Any CPU.Build.0 = Debug|Any CPU
		{C779C4A5-E645-4E9C-9065-2BCD70ECC0AD}.Release|Any CPU.ActiveCfg = Release|Any CPU
		{C779C4A5-E645-4E9C-9065-2BCD70ECC0AD}.Release|Any CPU.Build.0 = Release|Any CPU
	EndGlobalSection
	GlobalSection(SolutionProperties) = preSolution
		HideSolutionNode = FALSE
	EndGlobalSection
	GlobalSection(ExtensibilityGlobals) = postSolution
		SolutionGuid = {50C383BB-7B82-43E9-96FF-DF25FF46A628}
	EndGlobalSection
EndGlobal
