
Microsoft Visual Studio Solution File, Format Version 12.00
# Visual Studio Version 16
VisualStudioVersion = 16.0.29509.3
MinimumVisualStudioVersion = 10.0.40219.1
Project("{9A19103F-16F7-4668-BE54-9A1E7A4F7556}") = "Konwerter", "Konwerter\Konwerter.csproj", "{0242F02E-96E4-4642-93C8-C3DA097E75BA}"
EndProject
Project("{FAE04EC0-301F-11D3-BF4B-00C04F79EFBC}") = "Logic", "Logic\Logic.csproj", "{3CEEBF69-833A-41E0-9199-0E526F992568}"
EndProject
Project("{FAE04EC0-301F-11D3-BF4B-00C04F79EFBC}") = "UI", "UI\UI.csproj", "{8F54A0E1-324D-47DA-83C1-03C3DC1BD09E}"
EndProject
Global
	GlobalSection(SolutionConfigurationPlatforms) = preSolution
		Debug|Any CPU = Debug|Any CPU
		Release|Any CPU = Release|Any CPU
	EndGlobalSection
	GlobalSection(ProjectConfigurationPlatforms) = postSolution
		{0242F02E-96E4-4642-93C8-C3DA097E75BA}.Debug|Any CPU.ActiveCfg = Debug|Any CPU
		{0242F02E-96E4-4642-93C8-C3DA097E75BA}.Debug|Any CPU.Build.0 = Debug|Any CPU
		{0242F02E-96E4-4642-93C8-C3DA097E75BA}.Release|Any CPU.ActiveCfg = Release|Any CPU
		{0242F02E-96E4-4642-93C8-C3DA097E75BA}.Release|Any CPU.Build.0 = Release|Any CPU
		{3CEEBF69-833A-41E0-9199-0E526F992568}.Debug|Any CPU.ActiveCfg = Debug|Any CPU
		{3CEEBF69-833A-41E0-9199-0E526F992568}.Debug|Any CPU.Build.0 = Debug|Any CPU
		{3CEEBF69-833A-41E0-9199-0E526F992568}.Release|Any CPU.ActiveCfg = Release|Any CPU
		{3CEEBF69-833A-41E0-9199-0E526F992568}.Release|Any CPU.Build.0 = Release|Any CPU
		{8F54A0E1-324D-47DA-83C1-03C3DC1BD09E}.Debug|Any CPU.ActiveCfg = Debug|Any CPU
		{8F54A0E1-324D-47DA-83C1-03C3DC1BD09E}.Debug|Any CPU.Build.0 = Debug|Any CPU
		{8F54A0E1-324D-47DA-83C1-03C3DC1BD09E}.Release|Any CPU.ActiveCfg = Release|Any CPU
		{8F54A0E1-324D-47DA-83C1-03C3DC1BD09E}.Release|Any CPU.Build.0 = Release|Any CPU
	EndGlobalSection
	GlobalSection(SolutionProperties) = preSolution
		HideSolutionNode = FALSE
	EndGlobalSection
	GlobalSection(ExtensibilityGlobals) = postSolution
		SolutionGuid = {1AA82868-30AA-482A-B2FD-2BD06199F470}
	EndGlobalSection
EndGlobal
