
Microsoft Visual Studio Solution File, Format Version 12.00
# Visual Studio Version 16
VisualStudioVersion = 16.0.29326.143
MinimumVisualStudioVersion = 10.0.40219.1
Project("{FAE04EC0-301F-11D3-BF4B-00C04F79EFBC}") = "konwerter.jednostekk", "konwerterjednostekk\konwerter.jednostekk.csproj", "{AF141C12-1114-4493-9273-85BEB9CE41F2}"
EndProject
Project("{FAE04EC0-301F-11D3-BF4B-00C04F79EFBC}") = "konwerter.logic", "konwerter.logic\konwerter.logic.csproj", "{F068BC11-8753-474E-B87C-3B5D8DFED49B}"
EndProject
Project("{FAE04EC0-301F-11D3-BF4B-00C04F79EFBC}") = "konwerter.deskop", "konwerter.deskop\konwerter.deskop.csproj", "{4651173C-7E0B-438E-9DC3-15093209B799}"
EndProject
Global
	GlobalSection(SolutionConfigurationPlatforms) = preSolution
		Debug|Any CPU = Debug|Any CPU
		Release|Any CPU = Release|Any CPU
	EndGlobalSection
	GlobalSection(ProjectConfigurationPlatforms) = postSolution
		{AF141C12-1114-4493-9273-85BEB9CE41F2}.Debug|Any CPU.ActiveCfg = Debug|Any CPU
		{AF141C12-1114-4493-9273-85BEB9CE41F2}.Debug|Any CPU.Build.0 = Debug|Any CPU
		{AF141C12-1114-4493-9273-85BEB9CE41F2}.Release|Any CPU.ActiveCfg = Release|Any CPU
		{AF141C12-1114-4493-9273-85BEB9CE41F2}.Release|Any CPU.Build.0 = Release|Any CPU
		{F068BC11-8753-474E-B87C-3B5D8DFED49B}.Debug|Any CPU.ActiveCfg = Debug|Any CPU
		{F068BC11-8753-474E-B87C-3B5D8DFED49B}.Debug|Any CPU.Build.0 = Debug|Any CPU
		{F068BC11-8753-474E-B87C-3B5D8DFED49B}.Release|Any CPU.ActiveCfg = Release|Any CPU
		{F068BC11-8753-474E-B87C-3B5D8DFED49B}.Release|Any CPU.Build.0 = Release|Any CPU
		{4651173C-7E0B-438E-9DC3-15093209B799}.Debug|Any CPU.ActiveCfg = Debug|Any CPU
		{4651173C-7E0B-438E-9DC3-15093209B799}.Debug|Any CPU.Build.0 = Debug|Any CPU
		{4651173C-7E0B-438E-9DC3-15093209B799}.Release|Any CPU.ActiveCfg = Release|Any CPU
		{4651173C-7E0B-438E-9DC3-15093209B799}.Release|Any CPU.Build.0 = Release|Any CPU
	EndGlobalSection
	GlobalSection(SolutionProperties) = preSolution
		HideSolutionNode = FALSE
	EndGlobalSection
	GlobalSection(ExtensibilityGlobals) = postSolution
		SolutionGuid = {4C88E3D6-0F16-45D9-A775-7B4474AA52B8}
	EndGlobalSection
EndGlobal
