
Microsoft Visual Studio Solution File, Format Version 12.00
# Visual Studio Version 16
VisualStudioVersion = 16.0.29326.143
MinimumVisualStudioVersion = 10.0.40219.1
Project("{FAE04EC0-301F-11D3-BF4B-00C04F79EFBC}") = "UnitConverter.Console", "Project1\UnitConverter.Console.csproj", "{90019DA5-8B30-4E72-A335-A365154FC13A}"
EndProject
Project("{FAE04EC0-301F-11D3-BF4B-00C04F79EFBC}") = "UnitConverter.Logic", "UnitConverter.Logic\UnitConverter.Logic.csproj", "{83932E7D-D8A3-4BAF-80EA-E90444D7EDFC}"
EndProject
Project("{FAE04EC0-301F-11D3-BF4B-00C04F79EFBC}") = "UnitConverter.Desktop", "UnitConverter.Desktop\UnitConverter.Desktop.csproj", "{A6E13705-6ADB-45A0-B3E1-880552771D81}"
EndProject
Project("{FAE04EC0-301F-11D3-BF4B-00C04F79EFBC}") = "Account.Logic", "Account.Logic\Account.Logic.csproj", "{51B624FD-EC67-4175-BA2D-9C46FAE2472E}"
EndProject
Project("{FAE04EC0-301F-11D3-BF4B-00C04F79EFBC}") = "Account.Desktop", "Account.Desktop\Account.Desktop.csproj", "{F73943EC-0284-49D0-9321-1B111EBE5711}"
EndProject
Global
	GlobalSection(SolutionConfigurationPlatforms) = preSolution
		Debug|Any CPU = Debug|Any CPU
		Release|Any CPU = Release|Any CPU
	EndGlobalSection
	GlobalSection(ProjectConfigurationPlatforms) = postSolution
		{90019DA5-8B30-4E72-A335-A365154FC13A}.Debug|Any CPU.ActiveCfg = Debug|Any CPU
		{90019DA5-8B30-4E72-A335-A365154FC13A}.Debug|Any CPU.Build.0 = Debug|Any CPU
		{90019DA5-8B30-4E72-A335-A365154FC13A}.Release|Any CPU.ActiveCfg = Release|Any CPU
		{90019DA5-8B30-4E72-A335-A365154FC13A}.Release|Any CPU.Build.0 = Release|Any CPU
		{83932E7D-D8A3-4BAF-80EA-E90444D7EDFC}.Debug|Any CPU.ActiveCfg = Debug|Any CPU
		{83932E7D-D8A3-4BAF-80EA-E90444D7EDFC}.Debug|Any CPU.Build.0 = Debug|Any CPU
		{83932E7D-D8A3-4BAF-80EA-E90444D7EDFC}.Release|Any CPU.ActiveCfg = Release|Any CPU
		{83932E7D-D8A3-4BAF-80EA-E90444D7EDFC}.Release|Any CPU.Build.0 = Release|Any CPU
		{A6E13705-6ADB-45A0-B3E1-880552771D81}.Debug|Any CPU.ActiveCfg = Debug|Any CPU
		{A6E13705-6ADB-45A0-B3E1-880552771D81}.Debug|Any CPU.Build.0 = Debug|Any CPU
		{A6E13705-6ADB-45A0-B3E1-880552771D81}.Release|Any CPU.ActiveCfg = Release|Any CPU
		{A6E13705-6ADB-45A0-B3E1-880552771D81}.Release|Any CPU.Build.0 = Release|Any CPU
		{51B624FD-EC67-4175-BA2D-9C46FAE2472E}.Debug|Any CPU.ActiveCfg = Debug|Any CPU
		{51B624FD-EC67-4175-BA2D-9C46FAE2472E}.Debug|Any CPU.Build.0 = Debug|Any CPU
		{51B624FD-EC67-4175-BA2D-9C46FAE2472E}.Release|Any CPU.ActiveCfg = Release|Any CPU
		{51B624FD-EC67-4175-BA2D-9C46FAE2472E}.Release|Any CPU.Build.0 = Release|Any CPU
		{F73943EC-0284-49D0-9321-1B111EBE5711}.Debug|Any CPU.ActiveCfg = Debug|Any CPU
		{F73943EC-0284-49D0-9321-1B111EBE5711}.Debug|Any CPU.Build.0 = Debug|Any CPU
		{F73943EC-0284-49D0-9321-1B111EBE5711}.Release|Any CPU.ActiveCfg = Release|Any CPU
		{F73943EC-0284-49D0-9321-1B111EBE5711}.Release|Any CPU.Build.0 = Release|Any CPU
	EndGlobalSection
	GlobalSection(SolutionProperties) = preSolution
		HideSolutionNode = FALSE
	EndGlobalSection
	GlobalSection(ExtensibilityGlobals) = postSolution
		SolutionGuid = {59A1BE42-84B8-4CEB-AB80-1232653178CF}
	EndGlobalSection
EndGlobal
