
Microsoft Visual Studio Solution File, Format Version 12.00
# Visual Studio Version 16
VisualStudioVersion = 16.0.29926.136
MinimumVisualStudioVersion = 10.0.40219.1
Project("{FAE04EC0-301F-11D3-BF4B-00C04F79EFBC}") = "Sklep.Desktop", "Sklep.Desktop.csproj", "{18D2E6D8-5FE3-4DFA-BB18-8A4890B5DA32}"
EndProject
Global
	GlobalSection(SolutionConfigurationPlatforms) = preSolution
		Debug|Any CPU = Debug|Any CPU
		Release|Any CPU = Release|Any CPU
	EndGlobalSection
	GlobalSection(ProjectConfigurationPlatforms) = postSolution
		{18D2E6D8-5FE3-4DFA-BB18-8A4890B5DA32}.Debug|Any CPU.ActiveCfg = Debug|Any CPU
		{18D2E6D8-5FE3-4DFA-BB18-8A4890B5DA32}.Debug|Any CPU.Build.0 = Debug|Any CPU
		{18D2E6D8-5FE3-4DFA-BB18-8A4890B5DA32}.Release|Any CPU.ActiveCfg = Release|Any CPU
		{18D2E6D8-5FE3-4DFA-BB18-8A4890B5DA32}.Release|Any CPU.Build.0 = Release|Any CPU
	EndGlobalSection
	GlobalSection(SolutionProperties) = preSolution
		HideSolutionNode = FALSE
	EndGlobalSection
	GlobalSection(ExtensibilityGlobals) = postSolution
		SolutionGuid = {CF1F8788-729B-4FEA-A074-ACB6D62AE4E2}
	EndGlobalSection
EndGlobal
