
Microsoft Visual Studio Solution File, Format Version 12.00
# Visual Studio Version 16
VisualStudioVersion = 16.0.29411.108
MinimumVisualStudioVersion = 10.0.40219.1
Project("{9A19103F-16F7-4668-BE54-9A1E7A4F7556}") = "ZAD2", "ZAD1\ZAD2.csproj", "{8A3F340B-47CF-424D-960B-106C660D6BC8}"
EndProject
Global
	GlobalSection(SolutionConfigurationPlatforms) = preSolution
		Debug|Any CPU = Debug|Any CPU
		Release|Any CPU = Release|Any CPU
	EndGlobalSection
	GlobalSection(ProjectConfigurationPlatforms) = postSolution
		{8A3F340B-47CF-424D-960B-106C660D6BC8}.Debug|Any CPU.ActiveCfg = Debug|Any CPU
		{8A3F340B-47CF-424D-960B-106C660D6BC8}.Debug|Any CPU.Build.0 = Debug|Any CPU
		{8A3F340B-47CF-424D-960B-106C660D6BC8}.Release|Any CPU.ActiveCfg = Release|Any CPU
		{8A3F340B-47CF-424D-960B-106C660D6BC8}.Release|Any CPU.Build.0 = Release|Any CPU
	EndGlobalSection
	GlobalSection(SolutionProperties) = preSolution
		HideSolutionNode = FALSE
	EndGlobalSection
	GlobalSection(ExtensibilityGlobals) = postSolution
		SolutionGuid = {6B3BC6A7-6410-4834-92F4-2E2C2F3A1AE9}
	EndGlobalSection
EndGlobal
