
Microsoft Visual Studio Solution File, Format Version 12.00
# Visual Studio Version 16
VisualStudioVersion = 16.0.29326.143
MinimumVisualStudioVersion = 10.0.40219.1
Project("{FAE04EC0-301F-11D3-BF4B-00C04F79EFBC}") = "costam", "costam\costam.csproj", "{AFD3EF70-C756-4985-9AFD-601086090B89}"
EndProject
Global
	GlobalSection(SolutionConfigurationPlatforms) = preSolution
		Debug|Any CPU = Debug|Any CPU
		Release|Any CPU = Release|Any CPU
	EndGlobalSection
	GlobalSection(ProjectConfigurationPlatforms) = postSolution
		{AFD3EF70-C756-4985-9AFD-601086090B89}.Debug|Any CPU.ActiveCfg = Debug|Any CPU
		{AFD3EF70-C756-4985-9AFD-601086090B89}.Debug|Any CPU.Build.0 = Debug|Any CPU
		{AFD3EF70-C756-4985-9AFD-601086090B89}.Release|Any CPU.ActiveCfg = Release|Any CPU
		{AFD3EF70-C756-4985-9AFD-601086090B89}.Release|Any CPU.Build.0 = Release|Any CPU
	EndGlobalSection
	GlobalSection(SolutionProperties) = preSolution
		HideSolutionNode = FALSE
	EndGlobalSection
	GlobalSection(ExtensibilityGlobals) = postSolution
		SolutionGuid = {D73711C1-6C72-4063-80CB-F78E45136001}
	EndGlobalSection
EndGlobal
