
Microsoft Visual Studio Solution File, Format Version 12.00
# Visual Studio Version 16
VisualStudioVersion = 16.0.29403.142
MinimumVisualStudioVersion = 10.0.40219.1
Project("{FAE04EC0-301F-11D3-BF4B-00C04F79EFBC}") = "Konwerter_ver01", "Konwerter_ver01\Konwerter_ver01.csproj", "{DCBD7181-AA45-43D4-B296-8EEDA5F5F675}"
EndProject
Global
	GlobalSection(SolutionConfigurationPlatforms) = preSolution
		Debug|Any CPU = Debug|Any CPU
		Release|Any CPU = Release|Any CPU
	EndGlobalSection
	GlobalSection(ProjectConfigurationPlatforms) = postSolution
		{DCBD7181-AA45-43D4-B296-8EEDA5F5F675}.Debug|Any CPU.ActiveCfg = Debug|Any CPU
		{DCBD7181-AA45-43D4-B296-8EEDA5F5F675}.Debug|Any CPU.Build.0 = Debug|Any CPU
		{DCBD7181-AA45-43D4-B296-8EEDA5F5F675}.Release|Any CPU.ActiveCfg = Release|Any CPU
		{DCBD7181-AA45-43D4-B296-8EEDA5F5F675}.Release|Any CPU.Build.0 = Release|Any CPU
	EndGlobalSection
	GlobalSection(SolutionProperties) = preSolution
		HideSolutionNode = FALSE
	EndGlobalSection
	GlobalSection(ExtensibilityGlobals) = postSolution
		SolutionGuid = {DC289272-5A71-4037-A083-E96031CD98C2}
	EndGlobalSection
EndGlobal
