
Microsoft Visual Studio Solution File, Format Version 12.00
# Visual Studio Version 16
VisualStudioVersion = 16.0.30114.105
MinimumVisualStudioVersion = 10.0.40219.1
Project("{FAE04EC0-301F-11D3-BF4B-00C04F79EFBC}") = "DeadPeople", "DeadPeople\DeadPeople.csproj", "{8A57E635-F8D8-4C0B-A235-C3B72BAEA71B}"
EndProject
Project("{FAE04EC0-301F-11D3-BF4B-00C04F79EFBC}") = "DeadLogic", "DeadLogic\DeadLogic.csproj", "{30B01A12-C0E0-47C4-9792-FBAE8C28E29E}"
EndProject
Global
	GlobalSection(SolutionConfigurationPlatforms) = preSolution
		Debug|Any CPU = Debug|Any CPU
		Release|Any CPU = Release|Any CPU
	EndGlobalSection
	GlobalSection(ProjectConfigurationPlatforms) = postSolution
		{8A57E635-F8D8-4C0B-A235-C3B72BAEA71B}.Debug|Any CPU.ActiveCfg = Debug|Any CPU
		{8A57E635-F8D8-4C0B-A235-C3B72BAEA71B}.Debug|Any CPU.Build.0 = Debug|Any CPU
		{8A57E635-F8D8-4C0B-A235-C3B72BAEA71B}.Release|Any CPU.ActiveCfg = Release|Any CPU
		{8A57E635-F8D8-4C0B-A235-C3B72BAEA71B}.Release|Any CPU.Build.0 = Release|Any CPU
		{30B01A12-C0E0-47C4-9792-FBAE8C28E29E}.Debug|Any CPU.ActiveCfg = Debug|Any CPU
		{30B01A12-C0E0-47C4-9792-FBAE8C28E29E}.Debug|Any CPU.Build.0 = Debug|Any CPU
		{30B01A12-C0E0-47C4-9792-FBAE8C28E29E}.Release|Any CPU.ActiveCfg = Release|Any CPU
		{30B01A12-C0E0-47C4-9792-FBAE8C28E29E}.Release|Any CPU.Build.0 = Release|Any CPU
	EndGlobalSection
	GlobalSection(SolutionProperties) = preSolution
		HideSolutionNode = FALSE
	EndGlobalSection
	GlobalSection(ExtensibilityGlobals) = postSolution
		SolutionGuid = {6CA87857-1D29-4F3E-8BDB-98C0498F97F0}
	EndGlobalSection
EndGlobal
