
Microsoft Visual Studio Solution File, Format Version 12.00
# Visual Studio Version 16
VisualStudioVersion = 16.0.30114.105
MinimumVisualStudioVersion = 10.0.40219.1
Project("{FAE04EC0-301F-11D3-BF4B-00C04F79EFBC}") = "pola_figur.desktop", "pola_figur.desktop\pola_figur.desktop.csproj", "{CDA1ECE0-84F3-4D96-9712-B0D85B03009B}"
EndProject
Project("{FAE04EC0-301F-11D3-BF4B-00C04F79EFBC}") = "pola_figur.logic", "pola_figur.logic\pola_figur.logic.csproj", "{4EF4C808-43F1-4544-AA0C-478301E3880C}"
EndProject
Project("{FAE04EC0-301F-11D3-BF4B-00C04F79EFBC}") = "SugestieCustomControl", "SugestieCustomControl\SugestieCustomControl.csproj", "{71E0313A-2505-470D-8EC9-8B40C0575AFB}"
EndProject
Global
	GlobalSection(SolutionConfigurationPlatforms) = preSolution
		Debug|Any CPU = Debug|Any CPU
		Release|Any CPU = Release|Any CPU
	EndGlobalSection
	GlobalSection(ProjectConfigurationPlatforms) = postSolution
		{CDA1ECE0-84F3-4D96-9712-B0D85B03009B}.Debug|Any CPU.ActiveCfg = Debug|Any CPU
		{CDA1ECE0-84F3-4D96-9712-B0D85B03009B}.Debug|Any CPU.Build.0 = Debug|Any CPU
		{CDA1ECE0-84F3-4D96-9712-B0D85B03009B}.Release|Any CPU.ActiveCfg = Release|Any CPU
		{CDA1ECE0-84F3-4D96-9712-B0D85B03009B}.Release|Any CPU.Build.0 = Release|Any CPU
		{4EF4C808-43F1-4544-AA0C-478301E3880C}.Debug|Any CPU.ActiveCfg = Debug|Any CPU
		{4EF4C808-43F1-4544-AA0C-478301E3880C}.Debug|Any CPU.Build.0 = Debug|Any CPU
		{4EF4C808-43F1-4544-AA0C-478301E3880C}.Release|Any CPU.ActiveCfg = Release|Any CPU
		{4EF4C808-43F1-4544-AA0C-478301E3880C}.Release|Any CPU.Build.0 = Release|Any CPU
		{71E0313A-2505-470D-8EC9-8B40C0575AFB}.Debug|Any CPU.ActiveCfg = Debug|Any CPU
		{71E0313A-2505-470D-8EC9-8B40C0575AFB}.Debug|Any CPU.Build.0 = Debug|Any CPU
		{71E0313A-2505-470D-8EC9-8B40C0575AFB}.Release|Any CPU.ActiveCfg = Release|Any CPU
		{71E0313A-2505-470D-8EC9-8B40C0575AFB}.Release|Any CPU.Build.0 = Release|Any CPU
	EndGlobalSection
	GlobalSection(SolutionProperties) = preSolution
		HideSolutionNode = FALSE
	EndGlobalSection
	GlobalSection(ExtensibilityGlobals) = postSolution
		SolutionGuid = {D9DFE63E-E0B5-4493-9B85-4880393BEC82}
	EndGlobalSection
EndGlobal
