
Microsoft Visual Studio Solution File, Format Version 12.00
# Visual Studio Version 16
VisualStudioVersion = 16.0.29326.143
MinimumVisualStudioVersion = 10.0.40219.1
Project("{FAE04EC0-301F-11D3-BF4B-00C04F79EFBC}") = "ConverterCLI", "konwerter_jednostek_Z412_Wojciech_Kepka\ConverterCLI.csproj", "{07B1F89A-FE49-4D03-B2B9-7F8B3A5F8FF7}"
EndProject
Project("{FAE04EC0-301F-11D3-BF4B-00C04F79EFBC}") = "Converter", "Converter\Converter.csproj", "{36D73995-228B-41D2-A764-FC047B3663D2}"
EndProject
Global
	GlobalSection(SolutionConfigurationPlatforms) = preSolution
		Debug|Any CPU = Debug|Any CPU
		Release|Any CPU = Release|Any CPU
	EndGlobalSection
	GlobalSection(ProjectConfigurationPlatforms) = postSolution
		{07B1F89A-FE49-4D03-B2B9-7F8B3A5F8FF7}.Debug|Any CPU.ActiveCfg = Debug|Any CPU
		{07B1F89A-FE49-4D03-B2B9-7F8B3A5F8FF7}.Debug|Any CPU.Build.0 = Debug|Any CPU
		{07B1F89A-FE49-4D03-B2B9-7F8B3A5F8FF7}.Release|Any CPU.ActiveCfg = Release|Any CPU
		{07B1F89A-FE49-4D03-B2B9-7F8B3A5F8FF7}.Release|Any CPU.Build.0 = Release|Any CPU
		{36D73995-228B-41D2-A764-FC047B3663D2}.Debug|Any CPU.ActiveCfg = Debug|Any CPU
		{36D73995-228B-41D2-A764-FC047B3663D2}.Debug|Any CPU.Build.0 = Debug|Any CPU
		{36D73995-228B-41D2-A764-FC047B3663D2}.Release|Any CPU.ActiveCfg = Release|Any CPU
		{36D73995-228B-41D2-A764-FC047B3663D2}.Release|Any CPU.Build.0 = Release|Any CPU
	EndGlobalSection
	GlobalSection(SolutionProperties) = preSolution
		HideSolutionNode = FALSE
	EndGlobalSection
	GlobalSection(ExtensibilityGlobals) = postSolution
		SolutionGuid = {9FF02271-2D98-4AB5-BF0C-BBF7E2F8C399}
	EndGlobalSection
EndGlobal
