
Microsoft Visual Studio Solution File, Format Version 12.00
# Visual Studio 15
Project("{FAE04EC0-301F-11D3-BF4B-00C04F79EFBC}") = "unitconverter", "unitconverter\unitconverter.csproj", "{F410ECAB-8A08-47D7-BFF1-D04F5DDC7A3D}"
EndProject
Global
	GlobalSection(SolutionConfigurationPlatforms) = preSolution
		Debug|anycpu = Debug|anycpu
		Release|anycpu = Release|anycpu
	EndGlobalSection
	GlobalSection(ProjectConfigurationPlatforms) = postSolution
		{F410ECAB-8A08-47D7-BFF1-D04F5DDC7A3D}.Debug|anycpu.ActiveCfg = Debug|anycpu
		{F410ECAB-8A08-47D7-BFF1-D04F5DDC7A3D}.Debug|anycpu.Build.0 = Debug|anycpu
		{F410ECAB-8A08-47D7-BFF1-D04F5DDC7A3D}.Release|anycpu.ActiveCfg = Release|anycpu
		{F410ECAB-8A08-47D7-BFF1-D04F5DDC7A3D}.Release|anycpu.Build.0 = Release|anycpu
	EndGlobalSection
EndGlobal
