
Microsoft Visual Studio Solution File, Format Version 12.00
# Visual Studio Version 16
VisualStudioVersion = 16.0.29911.84
MinimumVisualStudioVersion = 10.0.40219.1
Project("{9A19103F-16F7-4668-BE54-9A1E7A4F7556}") = "UnitConverter.Terminal", "UnitConverter.Terminal\UnitConverter.Terminal.csproj", "{559A50DE-B0AA-4D07-9ECC-E2304050E2A8}"
EndProject
Project("{9A19103F-16F7-4668-BE54-9A1E7A4F7556}") = "UnitConverter.Library", "UnitConverter.Library\UnitConverter.Library.csproj", "{49A4ADE6-71CE-4BAC-BDB4-CA091AEAFEB5}"
EndProject
Project("{FAE04EC0-301F-11D3-BF4B-00C04F79EFBC}") = "UnitConverter.Desktop", "UnitConverter.Desktop\UnitConverter.Desktop.csproj", "{92D3D92C-1CFE-482D-A595-198D5A3F2D30}"
EndProject
Global
	GlobalSection(SolutionConfigurationPlatforms) = preSolution
		Debug|Any CPU = Debug|Any CPU
		Release|Any CPU = Release|Any CPU
	EndGlobalSection
	GlobalSection(ProjectConfigurationPlatforms) = postSolution
		{559A50DE-B0AA-4D07-9ECC-E2304050E2A8}.Debug|Any CPU.ActiveCfg = Debug|Any CPU
		{559A50DE-B0AA-4D07-9ECC-E2304050E2A8}.Debug|Any CPU.Build.0 = Debug|Any CPU
		{559A50DE-B0AA-4D07-9ECC-E2304050E2A8}.Release|Any CPU.ActiveCfg = Release|Any CPU
		{559A50DE-B0AA-4D07-9ECC-E2304050E2A8}.Release|Any CPU.Build.0 = Release|Any CPU
		{49A4ADE6-71CE-4BAC-BDB4-CA091AEAFEB5}.Debug|Any CPU.ActiveCfg = Debug|Any CPU
		{49A4ADE6-71CE-4BAC-BDB4-CA091AEAFEB5}.Debug|Any CPU.Build.0 = Debug|Any CPU
		{49A4ADE6-71CE-4BAC-BDB4-CA091AEAFEB5}.Release|Any CPU.ActiveCfg = Release|Any CPU
		{49A4ADE6-71CE-4BAC-BDB4-CA091AEAFEB5}.Release|Any CPU.Build.0 = Release|Any CPU
		{92D3D92C-1CFE-482D-A595-198D5A3F2D30}.Debug|Any CPU.ActiveCfg = Debug|Any CPU
		{92D3D92C-1CFE-482D-A595-198D5A3F2D30}.Debug|Any CPU.Build.0 = Debug|Any CPU
		{92D3D92C-1CFE-482D-A595-198D5A3F2D30}.Release|Any CPU.ActiveCfg = Release|Any CPU
		{92D3D92C-1CFE-482D-A595-198D5A3F2D30}.Release|Any CPU.Build.0 = Release|Any CPU
	EndGlobalSection
	GlobalSection(SolutionProperties) = preSolution
		HideSolutionNode = FALSE
	EndGlobalSection
	GlobalSection(ExtensibilityGlobals) = postSolution
		SolutionGuid = {98594A37-5EA5-4A14-B4BE-6BBC1C6E1191}
	EndGlobalSection
EndGlobal
