
Microsoft Visual Studio Solution File, Format Version 12.00
# Visual Studio Version 16
VisualStudioVersion = 16.0.29509.3
MinimumVisualStudioVersion = 10.0.40219.1
Project("{FAE04EC0-301F-11D3-BF4B-00C04F79EFBC}") = "Zad1Poprawka", "Zad1Poprawka\Zad1Poprawka.csproj", "{EC43C06B-F811-4131-B912-211291CA0E15}"
EndProject
Global
	GlobalSection(SolutionConfigurationPlatforms) = preSolution
		Debug|Any CPU = Debug|Any CPU
		Release|Any CPU = Release|Any CPU
	EndGlobalSection
	GlobalSection(ProjectConfigurationPlatforms) = postSolution
		{EC43C06B-F811-4131-B912-211291CA0E15}.Debug|Any CPU.ActiveCfg = Debug|Any CPU
		{EC43C06B-F811-4131-B912-211291CA0E15}.Debug|Any CPU.Build.0 = Debug|Any CPU
		{EC43C06B-F811-4131-B912-211291CA0E15}.Release|Any CPU.ActiveCfg = Release|Any CPU
		{EC43C06B-F811-4131-B912-211291CA0E15}.Release|Any CPU.Build.0 = Release|Any CPU
	EndGlobalSection
	GlobalSection(SolutionProperties) = preSolution
		HideSolutionNode = FALSE
	EndGlobalSection
	GlobalSection(ExtensibilityGlobals) = postSolution
		SolutionGuid = {0D5C61E6-8E62-43DC-9F19-6454D5941DD4}
	EndGlobalSection
EndGlobal
