
Microsoft Visual Studio Solution File, Format Version 12.00
# Visual Studio Version 16
VisualStudioVersion = 16.0.29806.167
MinimumVisualStudioVersion = 10.0.40219.1
Project("{FAE04EC0-301F-11D3-BF4B-00C04F79EFBC}") = "UnitConverter.Console", "UnitConverter\UnitConverter.Console.csproj", "{DAA8CEAD-6E1B-4B62-98E6-0F8270138DD6}"
EndProject
Project("{FAE04EC0-301F-11D3-BF4B-00C04F79EFBC}") = "UnitConverter.Logic", "UnitConverter.Logic\UnitConverter.Logic.csproj", "{A643DA6D-02D5-4DFD-96C3-8448753EF9D4}"
EndProject
Project("{FAE04EC0-301F-11D3-BF4B-00C04F79EFBC}") = "UnitConverter.Desktop", "UnitConverter.Desktop\UnitConverter.Desktop.csproj", "{49A0D063-99E8-452F-8BF0-FD870DB28729}"
EndProject
Global
	GlobalSection(SolutionConfigurationPlatforms) = preSolution
		Debug|Any CPU = Debug|Any CPU
		Release|Any CPU = Release|Any CPU
	EndGlobalSection
	GlobalSection(ProjectConfigurationPlatforms) = postSolution
		{DAA8CEAD-6E1B-4B62-98E6-0F8270138DD6}.Debug|Any CPU.ActiveCfg = Debug|Any CPU
		{DAA8CEAD-6E1B-4B62-98E6-0F8270138DD6}.Debug|Any CPU.Build.0 = Debug|Any CPU
		{DAA8CEAD-6E1B-4B62-98E6-0F8270138DD6}.Release|Any CPU.ActiveCfg = Release|Any CPU
		{DAA8CEAD-6E1B-4B62-98E6-0F8270138DD6}.Release|Any CPU.Build.0 = Release|Any CPU
		{A643DA6D-02D5-4DFD-96C3-8448753EF9D4}.Debug|Any CPU.ActiveCfg = Debug|Any CPU
		{A643DA6D-02D5-4DFD-96C3-8448753EF9D4}.Debug|Any CPU.Build.0 = Debug|Any CPU
		{A643DA6D-02D5-4DFD-96C3-8448753EF9D4}.Release|Any CPU.ActiveCfg = Release|Any CPU
		{A643DA6D-02D5-4DFD-96C3-8448753EF9D4}.Release|Any CPU.Build.0 = Release|Any CPU
		{49A0D063-99E8-452F-8BF0-FD870DB28729}.Debug|Any CPU.ActiveCfg = Debug|Any CPU
		{49A0D063-99E8-452F-8BF0-FD870DB28729}.Debug|Any CPU.Build.0 = Debug|Any CPU
		{49A0D063-99E8-452F-8BF0-FD870DB28729}.Release|Any CPU.ActiveCfg = Release|Any CPU
		{49A0D063-99E8-452F-8BF0-FD870DB28729}.Release|Any CPU.Build.0 = Release|Any CPU
	EndGlobalSection
	GlobalSection(SolutionProperties) = preSolution
		HideSolutionNode = FALSE
	EndGlobalSection
	GlobalSection(ExtensibilityGlobals) = postSolution
		SolutionGuid = {32FE9819-0FD6-4271-BBD2-8606E72151BF}
	EndGlobalSection
EndGlobal
