
Microsoft Visual Studio Solution File, Format Version 12.00
# Visual Studio 15
VisualStudioVersion = 15.0.28307.1082
MinimumVisualStudioVersion = 10.0.40219.1
Project("{FAE04EC0-301F-11D3-BF4B-00C04F79EFBC}") = "UnitConverter.Logic", "UnitConverter.Logic\UnitConverter.Logic.csproj", "{6A1B6B2D-ECFA-47A4-8E87-AEB515E4E598}"
EndProject
Project("{FAE04EC0-301F-11D3-BF4B-00C04F79EFBC}") = "UnitConverter.Desktop", "UnitConverter.Desktop\UnitConverter.Desktop.csproj", "{51C93D7D-D9CD-4FCC-A60D-8B91058724AF}"
EndProject
Project("{FAE04EC0-301F-11D3-BF4B-00C04F79EFBC}") = "UnitConverter.Stats", "Stats\UnitConverter.Stats.csproj", "{3F5A961C-6CBF-4042-B157-61D9262F41E0}"
EndProject
Project("{FAE04EC0-301F-11D3-BF4B-00C04F79EFBC}") = "Common.Control", "Common.Control\Common.Control.csproj", "{62DC0ACD-E9FA-4994-865B-A533EEE277C1}"
EndProject
Project("{FAE04EC0-301F-11D3-BF4B-00C04F79EFBC}") = "UnitConverter.Console", "UnitConverter\UnitConverter.Console.csproj", "{D3AEFDD3-E000-4C80-B2E8-4F34354EFAFB}"
EndProject
Global
	GlobalSection(SolutionConfigurationPlatforms) = preSolution
		Debug|Any CPU = Debug|Any CPU
		Release|Any CPU = Release|Any CPU
	EndGlobalSection
	GlobalSection(ProjectConfigurationPlatforms) = postSolution
		{6A1B6B2D-ECFA-47A4-8E87-AEB515E4E598}.Debug|Any CPU.ActiveCfg = Debug|Any CPU
		{6A1B6B2D-ECFA-47A4-8E87-AEB515E4E598}.Debug|Any CPU.Build.0 = Debug|Any CPU
		{6A1B6B2D-ECFA-47A4-8E87-AEB515E4E598}.Release|Any CPU.ActiveCfg = Release|Any CPU
		{6A1B6B2D-ECFA-47A4-8E87-AEB515E4E598}.Release|Any CPU.Build.0 = Release|Any CPU
		{51C93D7D-D9CD-4FCC-A60D-8B91058724AF}.Debug|Any CPU.ActiveCfg = Debug|Any CPU
		{51C93D7D-D9CD-4FCC-A60D-8B91058724AF}.Debug|Any CPU.Build.0 = Debug|Any CPU
		{51C93D7D-D9CD-4FCC-A60D-8B91058724AF}.Release|Any CPU.ActiveCfg = Release|Any CPU
		{51C93D7D-D9CD-4FCC-A60D-8B91058724AF}.Release|Any CPU.Build.0 = Release|Any CPU
		{3F5A961C-6CBF-4042-B157-61D9262F41E0}.Debug|Any CPU.ActiveCfg = Debug|Any CPU
		{3F5A961C-6CBF-4042-B157-61D9262F41E0}.Debug|Any CPU.Build.0 = Debug|Any CPU
		{3F5A961C-6CBF-4042-B157-61D9262F41E0}.Release|Any CPU.ActiveCfg = Release|Any CPU
		{3F5A961C-6CBF-4042-B157-61D9262F41E0}.Release|Any CPU.Build.0 = Release|Any CPU
		{62DC0ACD-E9FA-4994-865B-A533EEE277C1}.Debug|Any CPU.ActiveCfg = Debug|Any CPU
		{62DC0ACD-E9FA-4994-865B-A533EEE277C1}.Debug|Any CPU.Build.0 = Debug|Any CPU
		{62DC0ACD-E9FA-4994-865B-A533EEE277C1}.Release|Any CPU.ActiveCfg = Release|Any CPU
		{62DC0ACD-E9FA-4994-865B-A533EEE277C1}.Release|Any CPU.Build.0 = Release|Any CPU
		{D3AEFDD3-E000-4C80-B2E8-4F34354EFAFB}.Debug|Any CPU.ActiveCfg = Debug|Any CPU
		{D3AEFDD3-E000-4C80-B2E8-4F34354EFAFB}.Debug|Any CPU.Build.0 = Debug|Any CPU
		{D3AEFDD3-E000-4C80-B2E8-4F34354EFAFB}.Release|Any CPU.ActiveCfg = Release|Any CPU
		{D3AEFDD3-E000-4C80-B2E8-4F34354EFAFB}.Release|Any CPU.Build.0 = Release|Any CPU
	EndGlobalSection
	GlobalSection(SolutionProperties) = preSolution
		HideSolutionNode = FALSE
	EndGlobalSection
	GlobalSection(ExtensibilityGlobals) = postSolution
		SolutionGuid = {63EE021E-C720-4F30-8C17-3F9C78BC2717}
	EndGlobalSection
EndGlobal
