
Microsoft Visual Studio Solution File, Format Version 12.00
# Visual Studio Version 16
VisualStudioVersion = 16.0.29503.13
MinimumVisualStudioVersion = 10.0.40219.1
Project("{FAE04EC0-301F-11D3-BF4B-00C04F79EFBC}") = "Modul4DBSample02", "Modul4DBSample02\Modul4DBSample02.csproj", "{9A301A55-824C-4BF1-BC23-7658F8E4A785}"
EndProject
Global
	GlobalSection(SolutionConfigurationPlatforms) = preSolution
		Debug|Any CPU = Debug|Any CPU
		Release|Any CPU = Release|Any CPU
	EndGlobalSection
	GlobalSection(ProjectConfigurationPlatforms) = postSolution
		{9A301A55-824C-4BF1-BC23-7658F8E4A785}.Debug|Any CPU.ActiveCfg = Debug|Any CPU
		{9A301A55-824C-4BF1-BC23-7658F8E4A785}.Debug|Any CPU.Build.0 = Debug|Any CPU
		{9A301A55-824C-4BF1-BC23-7658F8E4A785}.Release|Any CPU.ActiveCfg = Release|Any CPU
		{9A301A55-824C-4BF1-BC23-7658F8E4A785}.Release|Any CPU.Build.0 = Release|Any CPU
	EndGlobalSection
	GlobalSection(SolutionProperties) = preSolution
		HideSolutionNode = FALSE
	EndGlobalSection
	GlobalSection(ExtensibilityGlobals) = postSolution
		SolutionGuid = {306E6F32-D54D-450A-8D68-9366ED507AB5}
	EndGlobalSection
EndGlobal
