
Microsoft Visual Studio Solution File, Format Version 12.00
# Visual Studio 15
VisualStudioVersion = 15.0.28307.1062
MinimumVisualStudioVersion = 10.0.40219.1
Project("{FAE04EC0-301F-11D3-BF4B-00C04F79EFBC}") = "Modul_2", "Modul_2\Modul_2.csproj", "{AAAD2F7F-E894-4270-861C-5E5D95864BCE}"
EndProject
Project("{FAE04EC0-301F-11D3-BF4B-00C04F79EFBC}") = "Modul_2.logic", "Modul_2.logic\Modul_2.logic.csproj", "{5FA28EE5-89C2-49E1-9211-A8A36F1B6007}"
EndProject
Project("{FAE04EC0-301F-11D3-BF4B-00C04F79EFBC}") = "Modul_2.Desktop", "Modul_2.Desktop\Modul_2.Desktop.csproj", "{8BEB3628-7D60-4739-A936-0B82A33342BD}"
EndProject
Global
	GlobalSection(SolutionConfigurationPlatforms) = preSolution
		Debug|Any CPU = Debug|Any CPU
		Release|Any CPU = Release|Any CPU
	EndGlobalSection
	GlobalSection(ProjectConfigurationPlatforms) = postSolution
		{AAAD2F7F-E894-4270-861C-5E5D95864BCE}.Debug|Any CPU.ActiveCfg = Debug|Any CPU
		{AAAD2F7F-E894-4270-861C-5E5D95864BCE}.Debug|Any CPU.Build.0 = Debug|Any CPU
		{AAAD2F7F-E894-4270-861C-5E5D95864BCE}.Release|Any CPU.ActiveCfg = Release|Any CPU
		{AAAD2F7F-E894-4270-861C-5E5D95864BCE}.Release|Any CPU.Build.0 = Release|Any CPU
		{5FA28EE5-89C2-49E1-9211-A8A36F1B6007}.Debug|Any CPU.ActiveCfg = Debug|Any CPU
		{5FA28EE5-89C2-49E1-9211-A8A36F1B6007}.Debug|Any CPU.Build.0 = Debug|Any CPU
		{5FA28EE5-89C2-49E1-9211-A8A36F1B6007}.Release|Any CPU.ActiveCfg = Release|Any CPU
		{5FA28EE5-89C2-49E1-9211-A8A36F1B6007}.Release|Any CPU.Build.0 = Release|Any CPU
		{8BEB3628-7D60-4739-A936-0B82A33342BD}.Debug|Any CPU.ActiveCfg = Debug|Any CPU
		{8BEB3628-7D60-4739-A936-0B82A33342BD}.Debug|Any CPU.Build.0 = Debug|Any CPU
		{8BEB3628-7D60-4739-A936-0B82A33342BD}.Release|Any CPU.ActiveCfg = Release|Any CPU
		{8BEB3628-7D60-4739-A936-0B82A33342BD}.Release|Any CPU.Build.0 = Release|Any CPU
	EndGlobalSection
	GlobalSection(SolutionProperties) = preSolution
		HideSolutionNode = FALSE
	EndGlobalSection
	GlobalSection(ExtensibilityGlobals) = postSolution
		SolutionGuid = {E92FAA1C-4F85-4BD1-A0EA-FB83C3D4FC94}
	EndGlobalSection
EndGlobal
