
Microsoft Visual Studio Solution File, Format Version 12.00
# Visual Studio Version 16
VisualStudioVersion = 16.0.29326.143
MinimumVisualStudioVersion = 10.0.40219.1
Project("{FAE04EC0-301F-11D3-BF4B-00C04F79EFBC}") = "Konwenter-jednostek", "Konwenter-jednostek\Konwenter-jednostek.csproj", "{A69543D1-D26E-48A3-9437-F036634C405B}"
EndProject
Global
	GlobalSection(SolutionConfigurationPlatforms) = preSolution
		Debug|Any CPU = Debug|Any CPU
		Release|Any CPU = Release|Any CPU
	EndGlobalSection
	GlobalSection(ProjectConfigurationPlatforms) = postSolution
		{A69543D1-D26E-48A3-9437-F036634C405B}.Debug|Any CPU.ActiveCfg = Debug|Any CPU
		{A69543D1-D26E-48A3-9437-F036634C405B}.Debug|Any CPU.Build.0 = Debug|Any CPU
		{A69543D1-D26E-48A3-9437-F036634C405B}.Release|Any CPU.ActiveCfg = Release|Any CPU
		{A69543D1-D26E-48A3-9437-F036634C405B}.Release|Any CPU.Build.0 = Release|Any CPU
	EndGlobalSection
	GlobalSection(SolutionProperties) = preSolution
		HideSolutionNode = FALSE
	EndGlobalSection
	GlobalSection(ExtensibilityGlobals) = postSolution
		SolutionGuid = {7AB41F06-DC13-4BF7-B0A2-80220EDC9B86}
	EndGlobalSection
EndGlobal
