
Microsoft Visual Studio Solution File, Format Version 12.00
# Visual Studio Version 16
VisualStudioVersion = 16.0.29926.136
MinimumVisualStudioVersion = 10.0.40219.1
Project("{FAE04EC0-301F-11D3-BF4B-00C04F79EFBC}") = "Lab4Iwan-v2", "Lab4Iwan-v2\Lab4Iwan-v2.csproj", "{C1AFBF69-C88D-407A-B0E5-16941F57AC3D}"
EndProject
Global
	GlobalSection(SolutionConfigurationPlatforms) = preSolution
		Debug|Any CPU = Debug|Any CPU
		Release|Any CPU = Release|Any CPU
	EndGlobalSection
	GlobalSection(ProjectConfigurationPlatforms) = postSolution
		{C1AFBF69-C88D-407A-B0E5-16941F57AC3D}.Debug|Any CPU.ActiveCfg = Debug|Any CPU
		{C1AFBF69-C88D-407A-B0E5-16941F57AC3D}.Debug|Any CPU.Build.0 = Debug|Any CPU
		{C1AFBF69-C88D-407A-B0E5-16941F57AC3D}.Release|Any CPU.ActiveCfg = Release|Any CPU
		{C1AFBF69-C88D-407A-B0E5-16941F57AC3D}.Release|Any CPU.Build.0 = Release|Any CPU
	EndGlobalSection
	GlobalSection(SolutionProperties) = preSolution
		HideSolutionNode = FALSE
	EndGlobalSection
	GlobalSection(ExtensibilityGlobals) = postSolution
		SolutionGuid = {1D20A593-B45E-4C74-9DCE-6A57F32B2818}
	EndGlobalSection
EndGlobal
