
Microsoft Visual Studio Solution File, Format Version 12.00
# Visual Studio Version 16
VisualStudioVersion = 16.0.29509.3
MinimumVisualStudioVersion = 10.0.40219.1
Project("{FAE04EC0-301F-11D3-BF4B-00C04F79EFBC}") = "KonwerterJednostekLK", "KonwerterJednostekLK\KonwerterJednostekLK.csproj", "{77AD3C86-E5C9-4171-BC7D-90D1A0F4E31C}"
EndProject
Global
	GlobalSection(SolutionConfigurationPlatforms) = preSolution
		Debug|Any CPU = Debug|Any CPU
		Release|Any CPU = Release|Any CPU
	EndGlobalSection
	GlobalSection(ProjectConfigurationPlatforms) = postSolution
		{77AD3C86-E5C9-4171-BC7D-90D1A0F4E31C}.Debug|Any CPU.ActiveCfg = Debug|Any CPU
		{77AD3C86-E5C9-4171-BC7D-90D1A0F4E31C}.Debug|Any CPU.Build.0 = Debug|Any CPU
		{77AD3C86-E5C9-4171-BC7D-90D1A0F4E31C}.Release|Any CPU.ActiveCfg = Release|Any CPU
		{77AD3C86-E5C9-4171-BC7D-90D1A0F4E31C}.Release|Any CPU.Build.0 = Release|Any CPU
	EndGlobalSection
	GlobalSection(SolutionProperties) = preSolution
		HideSolutionNode = FALSE
	EndGlobalSection
	GlobalSection(ExtensibilityGlobals) = postSolution
		SolutionGuid = {CB8CF7E9-6F4F-4F79-BF58-C46D0AE9D656}
	EndGlobalSection
EndGlobal
