
Microsoft Visual Studio Solution File, Format Version 12.00
# Visual Studio Version 16
VisualStudioVersion = 16.0.29920.165
MinimumVisualStudioVersion = 10.0.40219.1
Project("{FAE04EC0-301F-11D3-BF4B-00C04F79EFBC}") = "szymkna", "szymkna.csproj", "{0DCEA885-83C5-4685-B8DF-B6C99921FA6F}"
EndProject
Global
	GlobalSection(SolutionConfigurationPlatforms) = preSolution
		Debug|Any CPU = Debug|Any CPU
		Release|Any CPU = Release|Any CPU
	EndGlobalSection
	GlobalSection(ProjectConfigurationPlatforms) = postSolution
		{0DCEA885-83C5-4685-B8DF-B6C99921FA6F}.Debug|Any CPU.ActiveCfg = Debug|Any CPU
		{0DCEA885-83C5-4685-B8DF-B6C99921FA6F}.Debug|Any CPU.Build.0 = Debug|Any CPU
		{0DCEA885-83C5-4685-B8DF-B6C99921FA6F}.Release|Any CPU.ActiveCfg = Release|Any CPU
		{0DCEA885-83C5-4685-B8DF-B6C99921FA6F}.Release|Any CPU.Build.0 = Release|Any CPU
	EndGlobalSection
	GlobalSection(SolutionProperties) = preSolution
		HideSolutionNode = FALSE
	EndGlobalSection
	GlobalSection(ExtensibilityGlobals) = postSolution
		SolutionGuid = {744474A7-2B23-40CA-9AA2-E7DA1F498129}
	EndGlobalSection
EndGlobal
