
Microsoft Visual Studio Solution File, Format Version 12.00
# Visual Studio Version 16
VisualStudioVersion = 16.0.29806.167
MinimumVisualStudioVersion = 10.0.40219.1
Project("{FAE04EC0-301F-11D3-BF4B-00C04F79EFBC}") = "UnitConverter", "UnitConverter.csproj", "{74808E61-B842-4B92-857D-76BAB6309271}"
EndProject
Project("{FAE04EC0-301F-11D3-BF4B-00C04F79EFBC}") = "UnitConverterLogic", "..\UnitConverterLogic\UnitConverterLogic.csproj", "{2DEA535C-AA52-415B-B964-C5BDF5016B7C}"
EndProject
Project("{FAE04EC0-301F-11D3-BF4B-00C04F79EFBC}") = "UnitConverterDesktop", "..\UnitConverterDesktop\UnitConverterDesktop.csproj", "{622497BD-5614-4EEC-AEB8-C32204D92748}"
EndProject
Global
	GlobalSection(SolutionConfigurationPlatforms) = preSolution
		Debug|Any CPU = Debug|Any CPU
		Release|Any CPU = Release|Any CPU
	EndGlobalSection
	GlobalSection(ProjectConfigurationPlatforms) = postSolution
		{74808E61-B842-4B92-857D-76BAB6309271}.Debug|Any CPU.ActiveCfg = Debug|Any CPU
		{74808E61-B842-4B92-857D-76BAB6309271}.Debug|Any CPU.Build.0 = Debug|Any CPU
		{74808E61-B842-4B92-857D-76BAB6309271}.Release|Any CPU.ActiveCfg = Release|Any CPU
		{74808E61-B842-4B92-857D-76BAB6309271}.Release|Any CPU.Build.0 = Release|Any CPU
		{2DEA535C-AA52-415B-B964-C5BDF5016B7C}.Debug|Any CPU.ActiveCfg = Debug|Any CPU
		{2DEA535C-AA52-415B-B964-C5BDF5016B7C}.Debug|Any CPU.Build.0 = Debug|Any CPU
		{2DEA535C-AA52-415B-B964-C5BDF5016B7C}.Release|Any CPU.ActiveCfg = Release|Any CPU
		{2DEA535C-AA52-415B-B964-C5BDF5016B7C}.Release|Any CPU.Build.0 = Release|Any CPU
		{622497BD-5614-4EEC-AEB8-C32204D92748}.Debug|Any CPU.ActiveCfg = Debug|Any CPU
		{622497BD-5614-4EEC-AEB8-C32204D92748}.Debug|Any CPU.Build.0 = Debug|Any CPU
		{622497BD-5614-4EEC-AEB8-C32204D92748}.Release|Any CPU.ActiveCfg = Release|Any CPU
		{622497BD-5614-4EEC-AEB8-C32204D92748}.Release|Any CPU.Build.0 = Release|Any CPU
	EndGlobalSection
	GlobalSection(SolutionProperties) = preSolution
		HideSolutionNode = FALSE
	EndGlobalSection
	GlobalSection(ExtensibilityGlobals) = postSolution
		SolutionGuid = {F33CC55D-DE6F-4E69-8D3E-EC59D9C139C6}
	EndGlobalSection
EndGlobal
