
Microsoft Visual Studio Solution File, Format Version 12.00
# Visual Studio Version 16
VisualStudioVersion = 16.0.30011.22
MinimumVisualStudioVersion = 10.0.40219.1
Project("{9A19103F-16F7-4668-BE54-9A1E7A4F7556}") = "FunctionDrawer.Gui", "Zadanie7\FunctionDrawer.Gui.csproj", "{81C329B2-A7E1-4489-87A2-1A232673B112}"
EndProject
Project("{9A19103F-16F7-4668-BE54-9A1E7A4F7556}") = "FunctionDrawer.Logic", "FunctionDrawer.Logic\FunctionDrawer.Logic.csproj", "{D53849E4-1BC2-433D-BA6C-1B8D696929FF}"
EndProject
Project("{9A19103F-16F7-4668-BE54-9A1E7A4F7556}") = "FunctionDrawer.Plot", "FunctionDrawer.Plot\FunctionDrawer.Plot.csproj", "{AD23AA4E-1F7D-42C9-AA5B-88F7F7C12C35}"
EndProject
Project("{FAE04EC0-301F-11D3-BF4B-00C04F79EFBC}") = "FunctionDrawer.Database", "FunctionDrawer.Database\FunctionDrawer.Database.csproj", "{C7762A79-C4A7-4AC2-B625-A01706A03419}"
EndProject
Global
	GlobalSection(SolutionConfigurationPlatforms) = preSolution
		Debug|Any CPU = Debug|Any CPU
		Release|Any CPU = Release|Any CPU
	EndGlobalSection
	GlobalSection(ProjectConfigurationPlatforms) = postSolution
		{81C329B2-A7E1-4489-87A2-1A232673B112}.Debug|Any CPU.ActiveCfg = Debug|Any CPU
		{81C329B2-A7E1-4489-87A2-1A232673B112}.Debug|Any CPU.Build.0 = Debug|Any CPU
		{81C329B2-A7E1-4489-87A2-1A232673B112}.Release|Any CPU.ActiveCfg = Release|Any CPU
		{81C329B2-A7E1-4489-87A2-1A232673B112}.Release|Any CPU.Build.0 = Release|Any CPU
		{D53849E4-1BC2-433D-BA6C-1B8D696929FF}.Debug|Any CPU.ActiveCfg = Debug|Any CPU
		{D53849E4-1BC2-433D-BA6C-1B8D696929FF}.Debug|Any CPU.Build.0 = Debug|Any CPU
		{D53849E4-1BC2-433D-BA6C-1B8D696929FF}.Release|Any CPU.ActiveCfg = Release|Any CPU
		{D53849E4-1BC2-433D-BA6C-1B8D696929FF}.Release|Any CPU.Build.0 = Release|Any CPU
		{AD23AA4E-1F7D-42C9-AA5B-88F7F7C12C35}.Debug|Any CPU.ActiveCfg = Debug|Any CPU
		{AD23AA4E-1F7D-42C9-AA5B-88F7F7C12C35}.Debug|Any CPU.Build.0 = Debug|Any CPU
		{AD23AA4E-1F7D-42C9-AA5B-88F7F7C12C35}.Release|Any CPU.ActiveCfg = Release|Any CPU
		{AD23AA4E-1F7D-42C9-AA5B-88F7F7C12C35}.Release|Any CPU.Build.0 = Release|Any CPU
		{C7762A79-C4A7-4AC2-B625-A01706A03419}.Debug|Any CPU.ActiveCfg = Debug|Any CPU
		{C7762A79-C4A7-4AC2-B625-A01706A03419}.Debug|Any CPU.Build.0 = Debug|Any CPU
		{C7762A79-C4A7-4AC2-B625-A01706A03419}.Release|Any CPU.ActiveCfg = Release|Any CPU
		{C7762A79-C4A7-4AC2-B625-A01706A03419}.Release|Any CPU.Build.0 = Release|Any CPU
	EndGlobalSection
	GlobalSection(SolutionProperties) = preSolution
		HideSolutionNode = FALSE
	EndGlobalSection
	GlobalSection(ExtensibilityGlobals) = postSolution
		SolutionGuid = {30685DA5-BCBD-4AC3-8B91-1DD67AC3B740}
	EndGlobalSection
EndGlobal
