
Microsoft Visual Studio Solution File, Format Version 12.00
# Visual Studio 15
VisualStudioVersion = 15.0.28307.1022
MinimumVisualStudioVersion = 10.0.40219.1
Project("{FAE04EC0-301F-11D3-BF4B-00C04F79EFBC}") = "Przelicznik_Jednostek.Console", "Przelicznik_Jednostek\Przelicznik_Jednostek.Console.csproj", "{01EEB459-2188-4214-B27E-886F5A53A1C3}"
EndProject
Project("{FAE04EC0-301F-11D3-BF4B-00C04F79EFBC}") = "Przelicznik_Jednostek.Logic", "Przelicznik_Jednostek.Logic\Przelicznik_Jednostek.Logic.csproj", "{20F7A0C1-F70D-4540-A5C9-087D99CD2E78}"
EndProject
Project("{FAE04EC0-301F-11D3-BF4B-00C04F79EFBC}") = "Przelicznik_Jednostke.Desktop", "Przelicznik_Jednostke.Desktop\Przelicznik_Jednostke.Desktop.csproj", "{740C9E30-EA91-4785-B032-7D529ED7FB6B}"
EndProject
Project("{FAE04EC0-301F-11D3-BF4B-00C04F79EFBC}") = "Statistic.Controls", "Statistic.Controls\Statistic.Controls.csproj", "{8DC50A69-AAC4-4580-8987-C4362B4F75C1}"
EndProject
Global
	GlobalSection(SolutionConfigurationPlatforms) = preSolution
		Debug|Any CPU = Debug|Any CPU
		Release|Any CPU = Release|Any CPU
	EndGlobalSection
	GlobalSection(ProjectConfigurationPlatforms) = postSolution
		{01EEB459-2188-4214-B27E-886F5A53A1C3}.Debug|Any CPU.ActiveCfg = Debug|Any CPU
		{01EEB459-2188-4214-B27E-886F5A53A1C3}.Debug|Any CPU.Build.0 = Debug|Any CPU
		{01EEB459-2188-4214-B27E-886F5A53A1C3}.Release|Any CPU.ActiveCfg = Release|Any CPU
		{01EEB459-2188-4214-B27E-886F5A53A1C3}.Release|Any CPU.Build.0 = Release|Any CPU
		{20F7A0C1-F70D-4540-A5C9-087D99CD2E78}.Debug|Any CPU.ActiveCfg = Debug|Any CPU
		{20F7A0C1-F70D-4540-A5C9-087D99CD2E78}.Debug|Any CPU.Build.0 = Debug|Any CPU
		{20F7A0C1-F70D-4540-A5C9-087D99CD2E78}.Release|Any CPU.ActiveCfg = Release|Any CPU
		{20F7A0C1-F70D-4540-A5C9-087D99CD2E78}.Release|Any CPU.Build.0 = Release|Any CPU
		{740C9E30-EA91-4785-B032-7D529ED7FB6B}.Debug|Any CPU.ActiveCfg = Debug|Any CPU
		{740C9E30-EA91-4785-B032-7D529ED7FB6B}.Debug|Any CPU.Build.0 = Debug|Any CPU
		{740C9E30-EA91-4785-B032-7D529ED7FB6B}.Release|Any CPU.ActiveCfg = Release|Any CPU
		{740C9E30-EA91-4785-B032-7D529ED7FB6B}.Release|Any CPU.Build.0 = Release|Any CPU
		{8DC50A69-AAC4-4580-8987-C4362B4F75C1}.Debug|Any CPU.ActiveCfg = Debug|Any CPU
		{8DC50A69-AAC4-4580-8987-C4362B4F75C1}.Debug|Any CPU.Build.0 = Debug|Any CPU
		{8DC50A69-AAC4-4580-8987-C4362B4F75C1}.Release|Any CPU.ActiveCfg = Release|Any CPU
		{8DC50A69-AAC4-4580-8987-C4362B4F75C1}.Release|Any CPU.Build.0 = Release|Any CPU
	EndGlobalSection
	GlobalSection(SolutionProperties) = preSolution
		HideSolutionNode = FALSE
	EndGlobalSection
	GlobalSection(ExtensibilityGlobals) = postSolution
		SolutionGuid = {EB0EA638-1734-4D1F-93AF-7EEFB030ABED}
	EndGlobalSection
EndGlobal
