
Microsoft Visual Studio Solution File, Format Version 12.00
# Visual Studio Version 16
VisualStudioVersion = 16.0.29911.84
MinimumVisualStudioVersion = 10.0.40219.1
Project("{9A19103F-16F7-4668-BE54-9A1E7A4F7556}") = "UnitConverter_M2.console", "UnitConverter_M2\UnitConverter_M2.console.csproj", "{CE6EE9B7-93E3-4398-83C5-8935F25B2D29}"
EndProject
Project("{FAE04EC0-301F-11D3-BF4B-00C04F79EFBC}") = "UnitConverter_M2.Logic", "UnitConverter_M2.Logic\UnitConverter_M2.Logic.csproj", "{3C2698F2-1839-46FE-93CE-9E96EB849B56}"
EndProject
Project("{FAE04EC0-301F-11D3-BF4B-00C04F79EFBC}") = "UnitConverter_M2.GUI", "UnitConverter_M2.GUI\UnitConverter_M2.GUI.csproj", "{28A12A94-ED0F-40D5-8B01-48BD4DFE18D9}"
EndProject
Project("{FAE04EC0-301F-11D3-BF4B-00C04F79EFBC}") = "Common.Controls", "Common.Controls\Common.Controls.csproj", "{595D2F89-98DD-48A0-88AC-CCCB8E364BD7}"
EndProject
Global
	GlobalSection(SolutionConfigurationPlatforms) = preSolution
		Debug|Any CPU = Debug|Any CPU
		Release|Any CPU = Release|Any CPU
	EndGlobalSection
	GlobalSection(ProjectConfigurationPlatforms) = postSolution
		{CE6EE9B7-93E3-4398-83C5-8935F25B2D29}.Debug|Any CPU.ActiveCfg = Debug|Any CPU
		{CE6EE9B7-93E3-4398-83C5-8935F25B2D29}.Debug|Any CPU.Build.0 = Debug|Any CPU
		{CE6EE9B7-93E3-4398-83C5-8935F25B2D29}.Release|Any CPU.ActiveCfg = Release|Any CPU
		{CE6EE9B7-93E3-4398-83C5-8935F25B2D29}.Release|Any CPU.Build.0 = Release|Any CPU
		{3C2698F2-1839-46FE-93CE-9E96EB849B56}.Debug|Any CPU.ActiveCfg = Debug|Any CPU
		{3C2698F2-1839-46FE-93CE-9E96EB849B56}.Debug|Any CPU.Build.0 = Debug|Any CPU
		{3C2698F2-1839-46FE-93CE-9E96EB849B56}.Release|Any CPU.ActiveCfg = Release|Any CPU
		{3C2698F2-1839-46FE-93CE-9E96EB849B56}.Release|Any CPU.Build.0 = Release|Any CPU
		{28A12A94-ED0F-40D5-8B01-48BD4DFE18D9}.Debug|Any CPU.ActiveCfg = Debug|Any CPU
		{28A12A94-ED0F-40D5-8B01-48BD4DFE18D9}.Debug|Any CPU.Build.0 = Debug|Any CPU
		{28A12A94-ED0F-40D5-8B01-48BD4DFE18D9}.Release|Any CPU.ActiveCfg = Release|Any CPU
		{28A12A94-ED0F-40D5-8B01-48BD4DFE18D9}.Release|Any CPU.Build.0 = Release|Any CPU
		{595D2F89-98DD-48A0-88AC-CCCB8E364BD7}.Debug|Any CPU.ActiveCfg = Debug|Any CPU
		{595D2F89-98DD-48A0-88AC-CCCB8E364BD7}.Debug|Any CPU.Build.0 = Debug|Any CPU
		{595D2F89-98DD-48A0-88AC-CCCB8E364BD7}.Release|Any CPU.ActiveCfg = Release|Any CPU
		{595D2F89-98DD-48A0-88AC-CCCB8E364BD7}.Release|Any CPU.Build.0 = Release|Any CPU
	EndGlobalSection
	GlobalSection(SolutionProperties) = preSolution
		HideSolutionNode = FALSE
	EndGlobalSection
	GlobalSection(ExtensibilityGlobals) = postSolution
		SolutionGuid = {95BA240D-DFA6-48DE-9DFF-0899D9AB877B}
	EndGlobalSection
EndGlobal
