
Microsoft Visual Studio Solution File, Format Version 12.00
# Visual Studio Version 16
VisualStudioVersion = 16.0.29326.143
MinimumVisualStudioVersion = 10.0.40219.1
Project("{FAE04EC0-301F-11D3-BF4B-00C04F79EFBC}") = "KonwerterJednostek", "KonwerterJednostek\KonwerterJednostek.csproj", "{F99CBAD9-62DD-4C57-9D7C-CB6D01CC9FEC}"
EndProject
Global
	GlobalSection(SolutionConfigurationPlatforms) = preSolution
		Debug|Any CPU = Debug|Any CPU
		Release|Any CPU = Release|Any CPU
	EndGlobalSection
	GlobalSection(ProjectConfigurationPlatforms) = postSolution
		{F99CBAD9-62DD-4C57-9D7C-CB6D01CC9FEC}.Debug|Any CPU.ActiveCfg = Debug|Any CPU
		{F99CBAD9-62DD-4C57-9D7C-CB6D01CC9FEC}.Debug|Any CPU.Build.0 = Debug|Any CPU
		{F99CBAD9-62DD-4C57-9D7C-CB6D01CC9FEC}.Release|Any CPU.ActiveCfg = Release|Any CPU
		{F99CBAD9-62DD-4C57-9D7C-CB6D01CC9FEC}.Release|Any CPU.Build.0 = Release|Any CPU
	EndGlobalSection
	GlobalSection(SolutionProperties) = preSolution
		HideSolutionNode = FALSE
	EndGlobalSection
	GlobalSection(ExtensibilityGlobals) = postSolution
		SolutionGuid = {E3340B33-F4A9-4AFF-9A8A-0A697F49E4FC}
	EndGlobalSection
EndGlobal
