
Microsoft Visual Studio Solution File, Format Version 12.00
# Visual Studio Version 16
VisualStudioVersion = 16.0.29806.167
MinimumVisualStudioVersion = 10.0.40219.1
Project("{FAE04EC0-301F-11D3-BF4B-00C04F79EFBC}") = "KonwerterJednostek.Console", "KonwerterJednostek\KonwerterJednostek.Console.csproj", "{947930BD-C78C-47A4-9017-8A527DF54A14}"
EndProject
Project("{FAE04EC0-301F-11D3-BF4B-00C04F79EFBC}") = "KonwerterJednostek.Logic", "KonwerterJednostek.Logic\KonwerterJednostek.Logic.csproj", "{8ECDE6D8-8B8F-48E7-B37E-F121A0B96440}"
EndProject
Project("{FAE04EC0-301F-11D3-BF4B-00C04F79EFBC}") = "KonwerterJednostek.Desktop", "KonwerterJednostek.Desktop\KonwerterJednostek.Desktop.csproj", "{61148A5C-1C19-47F7-9E31-D4BFFF68B744}"
EndProject
Project("{FAE04EC0-301F-11D3-BF4B-00C04F79EFBC}") = "Common.Controls", "Common.Controls\Common.Controls.csproj", "{93EC808E-0307-475B-A225-9459832DBABB}"
EndProject
Global
	GlobalSection(SolutionConfigurationPlatforms) = preSolution
		Debug|Any CPU = Debug|Any CPU
		Release|Any CPU = Release|Any CPU
	EndGlobalSection
	GlobalSection(ProjectConfigurationPlatforms) = postSolution
		{947930BD-C78C-47A4-9017-8A527DF54A14}.Debug|Any CPU.ActiveCfg = Debug|Any CPU
		{947930BD-C78C-47A4-9017-8A527DF54A14}.Debug|Any CPU.Build.0 = Debug|Any CPU
		{947930BD-C78C-47A4-9017-8A527DF54A14}.Release|Any CPU.ActiveCfg = Release|Any CPU
		{947930BD-C78C-47A4-9017-8A527DF54A14}.Release|Any CPU.Build.0 = Release|Any CPU
		{8ECDE6D8-8B8F-48E7-B37E-F121A0B96440}.Debug|Any CPU.ActiveCfg = Debug|Any CPU
		{8ECDE6D8-8B8F-48E7-B37E-F121A0B96440}.Debug|Any CPU.Build.0 = Debug|Any CPU
		{8ECDE6D8-8B8F-48E7-B37E-F121A0B96440}.Release|Any CPU.ActiveCfg = Release|Any CPU
		{8ECDE6D8-8B8F-48E7-B37E-F121A0B96440}.Release|Any CPU.Build.0 = Release|Any CPU
		{61148A5C-1C19-47F7-9E31-D4BFFF68B744}.Debug|Any CPU.ActiveCfg = Debug|Any CPU
		{61148A5C-1C19-47F7-9E31-D4BFFF68B744}.Debug|Any CPU.Build.0 = Debug|Any CPU
		{61148A5C-1C19-47F7-9E31-D4BFFF68B744}.Release|Any CPU.ActiveCfg = Release|Any CPU
		{61148A5C-1C19-47F7-9E31-D4BFFF68B744}.Release|Any CPU.Build.0 = Release|Any CPU
		{93EC808E-0307-475B-A225-9459832DBABB}.Debug|Any CPU.ActiveCfg = Debug|Any CPU
		{93EC808E-0307-475B-A225-9459832DBABB}.Debug|Any CPU.Build.0 = Debug|Any CPU
		{93EC808E-0307-475B-A225-9459832DBABB}.Release|Any CPU.ActiveCfg = Release|Any CPU
		{93EC808E-0307-475B-A225-9459832DBABB}.Release|Any CPU.Build.0 = Release|Any CPU
	EndGlobalSection
	GlobalSection(SolutionProperties) = preSolution
		HideSolutionNode = FALSE
	EndGlobalSection
	GlobalSection(ExtensibilityGlobals) = postSolution
		SolutionGuid = {BE314481-DDDC-4BED-94DD-EBC9528C92EB}
	EndGlobalSection
EndGlobal
