
Microsoft Visual Studio Solution File, Format Version 12.00
# Visual Studio 15
VisualStudioVersion = 15.0.28010.2048
MinimumVisualStudioVersion = 10.0.40219.1
Project("{FAE04EC0-301F-11D3-BF4B-00C04F79EFBC}") = "UniConverter", "UniConverter\UniConverter.csproj", "{90A89E19-33AB-4C1C-B464-C99484088525}"
EndProject
Project("{FAE04EC0-301F-11D3-BF4B-00C04F79EFBC}") = "unitConverter.Logic", "unitConverter.Logic\unitConverter.Logic.csproj", "{DF23D0CD-95A9-486A-B477-7B124BE9DB97}"
EndProject
Project("{FAE04EC0-301F-11D3-BF4B-00C04F79EFBC}") = "uniConverter.Desktop", "uniConverter.Desktop\uniConverter.Desktop.csproj", "{A9516F68-394A-4B2A-9222-4515180E7E64}"
EndProject
Project("{FAE04EC0-301F-11D3-BF4B-00C04F79EFBC}") = "WpfControlLibrary1", "WpfControlLibrary1\WpfControlLibrary1.csproj", "{9B45F738-3CFC-444B-94F0-78427B8D4B8A}"
EndProject
Global
	GlobalSection(SolutionConfigurationPlatforms) = preSolution
		Debug|Any CPU = Debug|Any CPU
		Release|Any CPU = Release|Any CPU
	EndGlobalSection
	GlobalSection(ProjectConfigurationPlatforms) = postSolution
		{90A89E19-33AB-4C1C-B464-C99484088525}.Debug|Any CPU.ActiveCfg = Debug|Any CPU
		{90A89E19-33AB-4C1C-B464-C99484088525}.Debug|Any CPU.Build.0 = Debug|Any CPU
		{90A89E19-33AB-4C1C-B464-C99484088525}.Release|Any CPU.ActiveCfg = Release|Any CPU
		{90A89E19-33AB-4C1C-B464-C99484088525}.Release|Any CPU.Build.0 = Release|Any CPU
		{DF23D0CD-95A9-486A-B477-7B124BE9DB97}.Debug|Any CPU.ActiveCfg = Debug|Any CPU
		{DF23D0CD-95A9-486A-B477-7B124BE9DB97}.Debug|Any CPU.Build.0 = Debug|Any CPU
		{DF23D0CD-95A9-486A-B477-7B124BE9DB97}.Release|Any CPU.ActiveCfg = Release|Any CPU
		{DF23D0CD-95A9-486A-B477-7B124BE9DB97}.Release|Any CPU.Build.0 = Release|Any CPU
		{A9516F68-394A-4B2A-9222-4515180E7E64}.Debug|Any CPU.ActiveCfg = Debug|Any CPU
		{A9516F68-394A-4B2A-9222-4515180E7E64}.Debug|Any CPU.Build.0 = Debug|Any CPU
		{A9516F68-394A-4B2A-9222-4515180E7E64}.Release|Any CPU.ActiveCfg = Release|Any CPU
		{A9516F68-394A-4B2A-9222-4515180E7E64}.Release|Any CPU.Build.0 = Release|Any CPU
		{9B45F738-3CFC-444B-94F0-78427B8D4B8A}.Debug|Any CPU.ActiveCfg = Debug|Any CPU
		{9B45F738-3CFC-444B-94F0-78427B8D4B8A}.Debug|Any CPU.Build.0 = Debug|Any CPU
		{9B45F738-3CFC-444B-94F0-78427B8D4B8A}.Release|Any CPU.ActiveCfg = Release|Any CPU
		{9B45F738-3CFC-444B-94F0-78427B8D4B8A}.Release|Any CPU.Build.0 = Release|Any CPU
	EndGlobalSection
	GlobalSection(SolutionProperties) = preSolution
		HideSolutionNode = FALSE
	EndGlobalSection
	GlobalSection(ExtensibilityGlobals) = postSolution
		SolutionGuid = {B549CAB6-7DC7-4E16-B29F-590F7E6930F1}
	EndGlobalSection
EndGlobal
