
Microsoft Visual Studio Solution File, Format Version 12.00
# Visual Studio Version 16
VisualStudioVersion = 16.0.29806.167
MinimumVisualStudioVersion = 10.0.40219.1
Project("{FAE04EC0-301F-11D3-BF4B-00C04F79EFBC}") = "Book", "Book\Book.csproj", "{E205A152-23B6-4607-AA44-4BD15E1D07DA}"
EndProject
Project("{FAE04EC0-301F-11D3-BF4B-00C04F79EFBC}") = "Book.Logic", "Book.Logic\Book.Logic.csproj", "{6F9783CB-DAE6-4A59-8ECD-9A3EDB3AC8AB}"
EndProject
Project("{FAE04EC0-301F-11D3-BF4B-00C04F79EFBC}") = "Book.Desktop", "Book.Desktop\Book.Desktop.csproj", "{847F449C-D2BF-4924-9329-E13457B3A168}"
EndProject
Project("{FAE04EC0-301F-11D3-BF4B-00C04F79EFBC}") = "Common.Controls7", "Common.Controls7\Common.Controls7.csproj", "{AA3398DE-C5F6-4790-91E3-1352D62CCF54}"
EndProject
Global
	GlobalSection(SolutionConfigurationPlatforms) = preSolution
		Debug|Any CPU = Debug|Any CPU
		Release|Any CPU = Release|Any CPU
	EndGlobalSection
	GlobalSection(ProjectConfigurationPlatforms) = postSolution
		{E205A152-23B6-4607-AA44-4BD15E1D07DA}.Debug|Any CPU.ActiveCfg = Debug|Any CPU
		{E205A152-23B6-4607-AA44-4BD15E1D07DA}.Debug|Any CPU.Build.0 = Debug|Any CPU
		{E205A152-23B6-4607-AA44-4BD15E1D07DA}.Release|Any CPU.ActiveCfg = Release|Any CPU
		{E205A152-23B6-4607-AA44-4BD15E1D07DA}.Release|Any CPU.Build.0 = Release|Any CPU
		{6F9783CB-DAE6-4A59-8ECD-9A3EDB3AC8AB}.Debug|Any CPU.ActiveCfg = Debug|Any CPU
		{6F9783CB-DAE6-4A59-8ECD-9A3EDB3AC8AB}.Debug|Any CPU.Build.0 = Debug|Any CPU
		{6F9783CB-DAE6-4A59-8ECD-9A3EDB3AC8AB}.Release|Any CPU.ActiveCfg = Release|Any CPU
		{6F9783CB-DAE6-4A59-8ECD-9A3EDB3AC8AB}.Release|Any CPU.Build.0 = Release|Any CPU
		{847F449C-D2BF-4924-9329-E13457B3A168}.Debug|Any CPU.ActiveCfg = Debug|Any CPU
		{847F449C-D2BF-4924-9329-E13457B3A168}.Debug|Any CPU.Build.0 = Debug|Any CPU
		{847F449C-D2BF-4924-9329-E13457B3A168}.Release|Any CPU.ActiveCfg = Release|Any CPU
		{847F449C-D2BF-4924-9329-E13457B3A168}.Release|Any CPU.Build.0 = Release|Any CPU
		{AA3398DE-C5F6-4790-91E3-1352D62CCF54}.Debug|Any CPU.ActiveCfg = Debug|Any CPU
		{AA3398DE-C5F6-4790-91E3-1352D62CCF54}.Debug|Any CPU.Build.0 = Debug|Any CPU
		{AA3398DE-C5F6-4790-91E3-1352D62CCF54}.Release|Any CPU.ActiveCfg = Release|Any CPU
		{AA3398DE-C5F6-4790-91E3-1352D62CCF54}.Release|Any CPU.Build.0 = Release|Any CPU
	EndGlobalSection
	GlobalSection(SolutionProperties) = preSolution
		HideSolutionNode = FALSE
	EndGlobalSection
	GlobalSection(ExtensibilityGlobals) = postSolution
		SolutionGuid = {D3FC3970-BFB6-432A-8D47-1A46254705B0}
	EndGlobalSection
EndGlobal
